// !$*UTF8*$!
{
	archiveVersion = 1;
	classes = {
	};
	objectVersion = 46;
	objects = {

/* Begin PBXBuildFile section */
		0831A58BF9B0F4CEF0A32550 /* AddressSearchInteractor.swift in Sources */ = {isa = PBXBuildFile; fileRef = 30978BA783FA2AFCFC2DBD08 /* AddressSearchInteractor.swift */; };
		16318C2A56C2D27F1A5A66AD /* AddressSearchPresenter.swift in Sources */ = {isa = PBXBuildFile; fileRef = 37A52F8D1C9334185D70B5A0 /* AddressSearchPresenter.swift */; };
		179C28D7EE35EAF4EFF76A2B /* AddressSearchRouter.swift in Sources */ = {isa = PBXBuildFile; fileRef = 48795177FF9C29210DCF1098 /* AddressSearchRouter.swift */; };
		19BCB4F82ACD4BBC9B7A4125 /* AddressPointPresenter.swift in Sources */ = {isa = PBXBuildFile; fileRef = D9872266730A6439ED8F37EB /* AddressPointPresenter.swift */; };
		25D6E5956C3B6181E637B548 /* AddressSearchProtocols.swift in Sources */ = {isa = PBXBuildFile; fileRef = C54AE4BEA1CCA121327F5967 /* AddressSearchProtocols.swift */; };
		276F19702527E9378A8A2E65 /* AddressPointInteractor.swift in Sources */ = {isa = PBXBuildFile; fileRef = 43C3915E3E5329A2A4F3A443 /* AddressPointInteractor.swift */; };
		306D415E1DCD2C1100043F86 /* AppDelegate.swift in Sources */ = {isa = PBXBuildFile; fileRef = 306D415D1DCD2C1100043F86 /* AppDelegate.swift */; };
		306D41651DCD2C1100043F86 /* Assets.xcassets in Resources */ = {isa = PBXBuildFile; fileRef = 306D41641DCD2C1100043F86 /* Assets.xcassets */; };
		306D41681DCD2C1100043F86 /* LaunchScreen.storyboard in Resources */ = {isa = PBXBuildFile; fileRef = 306D41661DCD2C1100043F86 /* LaunchScreen.storyboard */; };
		306D41721DCD2C6300043F86 /* Config.swift in Sources */ = {isa = PBXBuildFile; fileRef = 306D41711DCD2C6300043F86 /* Config.swift */; };
		3075B64D1DD066630096DFE7 /* MapKit.framework in Frameworks */ = {isa = PBXBuildFile; fileRef = 3075B64C1DD066630096DFE7 /* MapKit.framework */; };
		3075B6561DD069B30096DFE7 /* Route.swift in Sources */ = {isa = PBXBuildFile; fileRef = 3075B6551DD069B30096DFE7 /* Route.swift */; };
		30C8136E1DCD36EC00924001 /* RouteCreationModule.storyboard in Resources */ = {isa = PBXBuildFile; fileRef = 30C8136D1DCD36EC00924001 /* RouteCreationModule.storyboard */; };
		30E530971DFC938200B717CA /* walkstreets_iosTests.swift in Sources */ = {isa = PBXBuildFile; fileRef = 30E530961DFC938200B717CA /* walkstreets_iosTests.swift */; };
		30FD55751DCDE70100000A97 /* Pods_walkstreets_ios.framework in Frameworks */ = {isa = PBXBuildFile; fileRef = 30FD55741DCDE70100000A97 /* Pods_walkstreets_ios.framework */; };
		30FD55771DCDECF300000A97 /* RouteCreationModuleViewController+Maps.swift in Sources */ = {isa = PBXBuildFile; fileRef = 30FD55761DCDECF300000A97 /* RouteCreationModuleViewController+Maps.swift */; };
		30FD55791DCDED6C00000A97 /* RouteCreationModuleConstants.swift in Sources */ = {isa = PBXBuildFile; fileRef = 30FD55781DCDED6C00000A97 /* RouteCreationModuleConstants.swift */; };
		30FD557B1DCDF61100000A97 /* RouteCreationModuleViewController+Animations.swift in Sources */ = {isa = PBXBuildFile; fileRef = 30FD557A1DCDF61100000A97 /* RouteCreationModuleViewController+Animations.swift */; };
		30FD557E1DCE0CE300000A97 /* RouteService.swift in Sources */ = {isa = PBXBuildFile; fileRef = 30FD557D1DCE0CE300000A97 /* RouteService.swift */; };
		30FD55811DCE0D5900000A97 /* LocationManager.swift in Sources */ = {isa = PBXBuildFile; fileRef = 30FD55801DCE0D5900000A97 /* LocationManager.swift */; };
		5307848F0056AEC1DD01A210 /* AboutProtocols.swift in Sources */ = {isa = PBXBuildFile; fileRef = 061EEE0F9E70D196A9F10334 /* AboutProtocols.swift */; };
		63D199A9F886A3DC99D1B57F /* RouteCreationModuleInteractor.swift in Sources */ = {isa = PBXBuildFile; fileRef = 7D393807BF77BA3F32F88643 /* RouteCreationModuleInteractor.swift */; };
		6A1FA1A1997B190C2CA98A19 /* AboutViewController.swift in Sources */ = {isa = PBXBuildFile; fileRef = 79CFCAB5B63E57F7BECA4911 /* AboutViewController.swift */; };
		72A2124729EC1AAC27070C3C /* RouteCreationModuleConfigurator.swift in Sources */ = {isa = PBXBuildFile; fileRef = 0552DDB458787869F10328D2 /* RouteCreationModuleConfigurator.swift */; };
		79F47F130202C72F05897F9D /* AddressSearchViewController.swift in Sources */ = {isa = PBXBuildFile; fileRef = 55ED4AA49E3F290998D8FFF1 /* AddressSearchViewController.swift */; };
		8B9EF1F0C1123394DC3BD340 /* AboutConfigurator.swift in Sources */ = {isa = PBXBuildFile; fileRef = 807A07B55A947D3B4C36EF54 /* AboutConfigurator.swift */; };
		92273E32351DBC69D965A042 /* RouteCreationModulePresenter.swift in Sources */ = {isa = PBXBuildFile; fileRef = 342EF44F078F8AB2C7963D16 /* RouteCreationModulePresenter.swift */; };
		960E20EFE390E5F4DCFCFA2F /* AboutPresenter.swift in Sources */ = {isa = PBXBuildFile; fileRef = 283844FEC4424901696A8FA4 /* AboutPresenter.swift */; };
		A00F3A654E088FDEC92458F1 /* AddressPointViewController.swift in Sources */ = {isa = PBXBuildFile; fileRef = 1ECF8AA8FAB81349AFEB4BC6 /* AddressPointViewController.swift */; };
		B43E9393F4861E965D635E0A /* AddressPointConfigurator.swift in Sources */ = {isa = PBXBuildFile; fileRef = 8D650CF947229325031A05ED /* AddressPointConfigurator.swift */; };
		B71F4BD740BCB81C4D076E61 /* RouteCreationModuleRouter.swift in Sources */ = {isa = PBXBuildFile; fileRef = 042DA9A0C5667FCEE70CEB00 /* RouteCreationModuleRouter.swift */; };
		B747C8FC21D87E01D5973FE5 /* RouteCreationModuleProtocols.swift in Sources */ = {isa = PBXBuildFile; fileRef = 5D4369802EDEBDD3214268AA /* RouteCreationModuleProtocols.swift */; };
		C225BC6A1B91D9763A4CFA99 /* AddressPointRouter.swift in Sources */ = {isa = PBXBuildFile; fileRef = DEFA5594D1CE4F888B8AF8C8 /* AddressPointRouter.swift */; };
		D3EAF393C21361678ABD0218 /* AddressSearchConfigurator.swift in Sources */ = {isa = PBXBuildFile; fileRef = 2EB35B9503B06A0A18391D68 /* AddressSearchConfigurator.swift */; };
		D404E4669FBB44F91AC14072 /* AddressPointProtocols.swift in Sources */ = {isa = PBXBuildFile; fileRef = 6FC315C2E75BF88764510E78 /* AddressPointProtocols.swift */; };
		D9B39AC1217ED510C5C4A351 /* Pods_walkstreets_ios.framework in Frameworks */ = {isa = PBXBuildFile; fileRef = CF62A8B0EC862CC8156F93C3 /* Pods_walkstreets_ios.framework */; };
		E022832E1E95279D00B7AB3D /* StartScreen.storyboard in Resources */ = {isa = PBXBuildFile; fileRef = E022832D1E95279D00B7AB3D /* StartScreen.storyboard */; };
		E02B70901EBB2B7600379C76 /* About.storyboard in Resources */ = {isa = PBXBuildFile; fileRef = E02B708F1EBB2B7600379C76 /* About.storyboard */; };
		E02B70921EBB2DEA00379C76 /* CustomizableTextView.swift in Sources */ = {isa = PBXBuildFile; fileRef = E02B70911EBB2DEA00379C76 /* CustomizableTextView.swift */; };
		E02B70941EBB5CB700379C76 /* AddressSearch.storyboard in Resources */ = {isa = PBXBuildFile; fileRef = E02B70931EBB5CB700379C76 /* AddressSearch.storyboard */; };
		E02B70961EBB5F6B00379C76 /* CustomizableTextField.swift in Sources */ = {isa = PBXBuildFile; fileRef = E02B70951EBB5F6B00379C76 /* CustomizableTextField.swift */; };
		E02B70991EBB5FA600379C76 /* AddressSearchCell.swift in Sources */ = {isa = PBXBuildFile; fileRef = E02B70981EBB5FA600379C76 /* AddressSearchCell.swift */; };
		E02B709B1EBB656000379C76 /* AddressPoint.storyboard in Resources */ = {isa = PBXBuildFile; fileRef = E02B709A1EBB656000379C76 /* AddressPoint.storyboard */; };
		E058C0B61EB8BC0E00E981EB /* CustomizableView.swift in Sources */ = {isa = PBXBuildFile; fileRef = E058C0B51EB8BC0E00E981EB /* CustomizableView.swift */; };
		E058C0BE1EB8BF1300E981EB /* UIColor+Helpers.swift in Sources */ = {isa = PBXBuildFile; fileRef = E058C0BD1EB8BF1300E981EB /* UIColor+Helpers.swift */; };
		E058C0BF1EB8C47200E981EB /* VremenaGrotesk.otf in Resources */ = {isa = PBXBuildFile; fileRef = E058C0B81EB8BD8C00E981EB /* VremenaGrotesk.otf */; };
		E058C0C01EB8C47500E981EB /* VremenaGroteskBold.otf in Resources */ = {isa = PBXBuildFile; fileRef = E058C0B91EB8BD8C00E981EB /* VremenaGroteskBold.otf */; };
		E058C0C11EB8C47900E981EB /* VremenaGroteskBook.otf in Resources */ = {isa = PBXBuildFile; fileRef = E058C0BA1EB8BD8C00E981EB /* VremenaGroteskBook.otf */; };
		E058C0C21EB8C47C00E981EB /* VremenaGroteskMedium.otf in Resources */ = {isa = PBXBuildFile; fileRef = E058C0BB1EB8BD8C00E981EB /* VremenaGroteskMedium.otf */; };
		E058C0C41EB8C52400E981EB /* CustomizableLabel.swift in Sources */ = {isa = PBXBuildFile; fileRef = E058C0C31EB8C52400E981EB /* CustomizableLabel.swift */; };
		E058C0C61EB8C53D00E981EB /* CustomizableButton.swift in Sources */ = {isa = PBXBuildFile; fileRef = E058C0C51EB8C53D00E981EB /* CustomizableButton.swift */; };
		E058C0C91EB8C57300E981EB /* GDC+Helpers.swift in Sources */ = {isa = PBXBuildFile; fileRef = E058C0C81EB8C57300E981EB /* GDC+Helpers.swift */; };
		E0AF81401EC7B761009FA7D1 /* Double+Helpers.swift in Sources */ = {isa = PBXBuildFile; fileRef = E0AF813F1EC7B761009FA7D1 /* Double+Helpers.swift */; };
		E0C4F6661E8C06D3005C63C4 /* RootApiService.swift in Sources */ = {isa = PBXBuildFile; fileRef = E0C4F6651E8C06D3005C63C4 /* RootApiService.swift */; };
		E0E142DB1E954C1D001C45BE /* StartScreenViewController.swift in Sources */ = {isa = PBXBuildFile; fileRef = E0E142DA1E954C1D001C45BE /* StartScreenViewController.swift */; };
		E0E142DD1E954C41001C45BE /* StartScreenPresenter.swift in Sources */ = {isa = PBXBuildFile; fileRef = E0E142DC1E954C41001C45BE /* StartScreenPresenter.swift */; };
		E0E142DF1E954C56001C45BE /* StartScreenConfigurator.swift in Sources */ = {isa = PBXBuildFile; fileRef = E0E142DE1E954C56001C45BE /* StartScreenConfigurator.swift */; };
		E0E142E11E954C73001C45BE /* StartScreenProtocols.swift in Sources */ = {isa = PBXBuildFile; fileRef = E0E142E01E954C73001C45BE /* StartScreenProtocols.swift */; };
		E0E142E31E954CAD001C45BE /* StartScreenConstants.swift in Sources */ = {isa = PBXBuildFile; fileRef = E0E142E21E954CAD001C45BE /* StartScreenConstants.swift */; };
		E0E689901EC5095600AF2765 /* Feature.swift in Sources */ = {isa = PBXBuildFile; fileRef = E0E6898F1EC5095600AF2765 /* Feature.swift */; };
		E0E689921EC50A2F00AF2765 /* CustomAnnotation.swift in Sources */ = {isa = PBXBuildFile; fileRef = E0E689911EC50A2F00AF2765 /* CustomAnnotation.swift */; };
		E0FDE0861EC0598900E09D7F /* AddressSearchViewController+UITableView.swift in Sources */ = {isa = PBXBuildFile; fileRef = E0FDE0851EC0598900E09D7F /* AddressSearchViewController+UITableView.swift */; };
		F099800B9560E696761BDEAF /* RouteCreationModuleViewController.swift in Sources */ = {isa = PBXBuildFile; fileRef = 339CA3988FB4B348C7125903 /* RouteCreationModuleViewController.swift */; };
/* End PBXBuildFile section */

/* Begin PBXContainerItemProxy section */
		30E5308F1DFC935000B717CA /* PBXContainerItemProxy */ = {
			isa = PBXContainerItemProxy;
			containerPortal = 306D41521DCD2C1100043F86 /* Project object */;
			proxyType = 1;
			remoteGlobalIDString = 306D41591DCD2C1100043F86;
			remoteInfo = "walkstreets-ios";
		};
/* End PBXContainerItemProxy section */

/* Begin PBXFileReference section */
		042DA9A0C5667FCEE70CEB00 /* RouteCreationModuleRouter.swift */ = {isa = PBXFileReference; includeInIndex = 1; lastKnownFileType = sourcecode.swift; path = RouteCreationModuleRouter.swift; sourceTree = "<group>"; };
		0552DDB458787869F10328D2 /* RouteCreationModuleConfigurator.swift */ = {isa = PBXFileReference; includeInIndex = 1; lastKnownFileType = sourcecode.swift; path = RouteCreationModuleConfigurator.swift; sourceTree = "<group>"; };
		061EEE0F9E70D196A9F10334 /* AboutProtocols.swift */ = {isa = PBXFileReference; includeInIndex = 1; lastKnownFileType = sourcecode.swift; path = AboutProtocols.swift; sourceTree = "<group>"; };
		106FD96F22ECB96D84A20203 /* Pods-walkstreets-ios.release.xcconfig */ = {isa = PBXFileReference; includeInIndex = 1; lastKnownFileType = text.xcconfig; name = "Pods-walkstreets-ios.release.xcconfig"; path = "Pods/Target Support Files/Pods-walkstreets-ios/Pods-walkstreets-ios.release.xcconfig"; sourceTree = "<group>"; };
		1ECF8AA8FAB81349AFEB4BC6 /* AddressPointViewController.swift */ = {isa = PBXFileReference; includeInIndex = 1; lastKnownFileType = sourcecode.swift; path = AddressPointViewController.swift; sourceTree = "<group>"; };
		283844FEC4424901696A8FA4 /* AboutPresenter.swift */ = {isa = PBXFileReference; includeInIndex = 1; lastKnownFileType = sourcecode.swift; path = AboutPresenter.swift; sourceTree = "<group>"; };
		2EB35B9503B06A0A18391D68 /* AddressSearchConfigurator.swift */ = {isa = PBXFileReference; includeInIndex = 1; lastKnownFileType = sourcecode.swift; path = AddressSearchConfigurator.swift; sourceTree = "<group>"; };
		306D415A1DCD2C1100043F86 /* walkstreets-ios.app */ = {isa = PBXFileReference; explicitFileType = wrapper.application; includeInIndex = 0; path = "walkstreets-ios.app"; sourceTree = BUILT_PRODUCTS_DIR; };
		306D415D1DCD2C1100043F86 /* AppDelegate.swift */ = {isa = PBXFileReference; lastKnownFileType = sourcecode.swift; path = AppDelegate.swift; sourceTree = "<group>"; };
		306D41641DCD2C1100043F86 /* Assets.xcassets */ = {isa = PBXFileReference; lastKnownFileType = folder.assetcatalog; path = Assets.xcassets; sourceTree = "<group>"; };
		306D41671DCD2C1100043F86 /* Base */ = {isa = PBXFileReference; lastKnownFileType = file.storyboard; name = Base; path = Base.lproj/LaunchScreen.storyboard; sourceTree = "<group>"; };
		306D41691DCD2C1100043F86 /* Info.plist */ = {isa = PBXFileReference; lastKnownFileType = text.plist.xml; path = Info.plist; sourceTree = "<group>"; };
		306D41711DCD2C6300043F86 /* Config.swift */ = {isa = PBXFileReference; fileEncoding = 4; lastKnownFileType = sourcecode.swift; path = Config.swift; sourceTree = "<group>"; };
		3075B64C1DD066630096DFE7 /* MapKit.framework */ = {isa = PBXFileReference; lastKnownFileType = wrapper.framework; name = MapKit.framework; path = System/Library/Frameworks/MapKit.framework; sourceTree = SDKROOT; };
		3075B6551DD069B30096DFE7 /* Route.swift */ = {isa = PBXFileReference; fileEncoding = 4; lastKnownFileType = sourcecode.swift; path = Route.swift; sourceTree = "<group>"; };
		30978BA783FA2AFCFC2DBD08 /* AddressSearchInteractor.swift */ = {isa = PBXFileReference; includeInIndex = 1; lastKnownFileType = sourcecode.swift; path = AddressSearchInteractor.swift; sourceTree = "<group>"; };
		30C8136D1DCD36EC00924001 /* RouteCreationModule.storyboard */ = {isa = PBXFileReference; fileEncoding = 4; lastKnownFileType = file.storyboard; path = RouteCreationModule.storyboard; sourceTree = "<group>"; };
		30E5308A1DFC935000B717CA /* walkstreets-iosTests.xctest */ = {isa = PBXFileReference; explicitFileType = wrapper.cfbundle; includeInIndex = 0; path = "walkstreets-iosTests.xctest"; sourceTree = BUILT_PRODUCTS_DIR; };
		30E530941DFC937800B717CA /* Info.plist */ = {isa = PBXFileReference; fileEncoding = 4; lastKnownFileType = text.plist.xml; path = Info.plist; sourceTree = "<group>"; };
		30E530961DFC938200B717CA /* walkstreets_iosTests.swift */ = {isa = PBXFileReference; fileEncoding = 4; lastKnownFileType = sourcecode.swift; path = walkstreets_iosTests.swift; sourceTree = "<group>"; };
		30FD55741DCDE70100000A97 /* Pods_walkstreets_ios.framework */ = {isa = PBXFileReference; lastKnownFileType = wrapper.framework; name = Pods_walkstreets_ios.framework; path = "Pods/../build/Debug-iphoneos/Pods_walkstreets_ios.framework"; sourceTree = "<group>"; };
		30FD55761DCDECF300000A97 /* RouteCreationModuleViewController+Maps.swift */ = {isa = PBXFileReference; fileEncoding = 4; lastKnownFileType = sourcecode.swift; path = "RouteCreationModuleViewController+Maps.swift"; sourceTree = "<group>"; };
		30FD55781DCDED6C00000A97 /* RouteCreationModuleConstants.swift */ = {isa = PBXFileReference; fileEncoding = 4; lastKnownFileType = sourcecode.swift; path = RouteCreationModuleConstants.swift; sourceTree = "<group>"; };
		30FD557A1DCDF61100000A97 /* RouteCreationModuleViewController+Animations.swift */ = {isa = PBXFileReference; fileEncoding = 4; lastKnownFileType = sourcecode.swift; path = "RouteCreationModuleViewController+Animations.swift"; sourceTree = "<group>"; };
		30FD557D1DCE0CE300000A97 /* RouteService.swift */ = {isa = PBXFileReference; fileEncoding = 4; lastKnownFileType = sourcecode.swift; path = RouteService.swift; sourceTree = "<group>"; };
		30FD55801DCE0D5900000A97 /* LocationManager.swift */ = {isa = PBXFileReference; fileEncoding = 4; lastKnownFileType = sourcecode.swift; path = LocationManager.swift; sourceTree = "<group>"; };
		339CA3988FB4B348C7125903 /* RouteCreationModuleViewController.swift */ = {isa = PBXFileReference; includeInIndex = 1; lastKnownFileType = sourcecode.swift; path = RouteCreationModuleViewController.swift; sourceTree = "<group>"; };
		342EF44F078F8AB2C7963D16 /* RouteCreationModulePresenter.swift */ = {isa = PBXFileReference; includeInIndex = 1; lastKnownFileType = sourcecode.swift; path = RouteCreationModulePresenter.swift; sourceTree = "<group>"; };
		37A52F8D1C9334185D70B5A0 /* AddressSearchPresenter.swift */ = {isa = PBXFileReference; includeInIndex = 1; lastKnownFileType = sourcecode.swift; path = AddressSearchPresenter.swift; sourceTree = "<group>"; };
		43C3915E3E5329A2A4F3A443 /* AddressPointInteractor.swift */ = {isa = PBXFileReference; includeInIndex = 1; lastKnownFileType = sourcecode.swift; path = AddressPointInteractor.swift; sourceTree = "<group>"; };
		48795177FF9C29210DCF1098 /* AddressSearchRouter.swift */ = {isa = PBXFileReference; includeInIndex = 1; lastKnownFileType = sourcecode.swift; path = AddressSearchRouter.swift; sourceTree = "<group>"; };
		55ED4AA49E3F290998D8FFF1 /* AddressSearchViewController.swift */ = {isa = PBXFileReference; includeInIndex = 1; lastKnownFileType = sourcecode.swift; path = AddressSearchViewController.swift; sourceTree = "<group>"; };
		5D4369802EDEBDD3214268AA /* RouteCreationModuleProtocols.swift */ = {isa = PBXFileReference; includeInIndex = 1; lastKnownFileType = sourcecode.swift; path = RouteCreationModuleProtocols.swift; sourceTree = "<group>"; };
		6FC315C2E75BF88764510E78 /* AddressPointProtocols.swift */ = {isa = PBXFileReference; includeInIndex = 1; lastKnownFileType = sourcecode.swift; path = AddressPointProtocols.swift; sourceTree = "<group>"; };
		79CFCAB5B63E57F7BECA4911 /* AboutViewController.swift */ = {isa = PBXFileReference; includeInIndex = 1; lastKnownFileType = sourcecode.swift; path = AboutViewController.swift; sourceTree = "<group>"; };
		7D393807BF77BA3F32F88643 /* RouteCreationModuleInteractor.swift */ = {isa = PBXFileReference; includeInIndex = 1; lastKnownFileType = sourcecode.swift; path = RouteCreationModuleInteractor.swift; sourceTree = "<group>"; };
		807A07B55A947D3B4C36EF54 /* AboutConfigurator.swift */ = {isa = PBXFileReference; includeInIndex = 1; lastKnownFileType = sourcecode.swift; path = AboutConfigurator.swift; sourceTree = "<group>"; };
		8D650CF947229325031A05ED /* AddressPointConfigurator.swift */ = {isa = PBXFileReference; includeInIndex = 1; lastKnownFileType = sourcecode.swift; path = AddressPointConfigurator.swift; sourceTree = "<group>"; };
		C54AE4BEA1CCA121327F5967 /* AddressSearchProtocols.swift */ = {isa = PBXFileReference; includeInIndex = 1; lastKnownFileType = sourcecode.swift; path = AddressSearchProtocols.swift; sourceTree = "<group>"; };
		CF62A8B0EC862CC8156F93C3 /* Pods_walkstreets_ios.framework */ = {isa = PBXFileReference; explicitFileType = wrapper.framework; includeInIndex = 0; path = Pods_walkstreets_ios.framework; sourceTree = BUILT_PRODUCTS_DIR; };
		D42975D3FFAEEA4E4FFD169D /* Pods-walkstreets-ios.debug.xcconfig */ = {isa = PBXFileReference; includeInIndex = 1; lastKnownFileType = text.xcconfig; name = "Pods-walkstreets-ios.debug.xcconfig"; path = "Pods/Target Support Files/Pods-walkstreets-ios/Pods-walkstreets-ios.debug.xcconfig"; sourceTree = "<group>"; };
		D9872266730A6439ED8F37EB /* AddressPointPresenter.swift */ = {isa = PBXFileReference; includeInIndex = 1; lastKnownFileType = sourcecode.swift; path = AddressPointPresenter.swift; sourceTree = "<group>"; };
		DEFA5594D1CE4F888B8AF8C8 /* AddressPointRouter.swift */ = {isa = PBXFileReference; includeInIndex = 1; lastKnownFileType = sourcecode.swift; path = AddressPointRouter.swift; sourceTree = "<group>"; };
		E022832D1E95279D00B7AB3D /* StartScreen.storyboard */ = {isa = PBXFileReference; fileEncoding = 4; lastKnownFileType = file.storyboard; path = StartScreen.storyboard; sourceTree = "<group>"; };
		E02B708F1EBB2B7600379C76 /* About.storyboard */ = {isa = PBXFileReference; fileEncoding = 4; lastKnownFileType = file.storyboard; path = About.storyboard; sourceTree = "<group>"; };
		E02B70911EBB2DEA00379C76 /* CustomizableTextView.swift */ = {isa = PBXFileReference; fileEncoding = 4; lastKnownFileType = sourcecode.swift; path = CustomizableTextView.swift; sourceTree = "<group>"; };
		E02B70931EBB5CB700379C76 /* AddressSearch.storyboard */ = {isa = PBXFileReference; fileEncoding = 4; lastKnownFileType = file.storyboard; path = AddressSearch.storyboard; sourceTree = "<group>"; };
		E02B70951EBB5F6B00379C76 /* CustomizableTextField.swift */ = {isa = PBXFileReference; fileEncoding = 4; lastKnownFileType = sourcecode.swift; path = CustomizableTextField.swift; sourceTree = "<group>"; };
		E02B70981EBB5FA600379C76 /* AddressSearchCell.swift */ = {isa = PBXFileReference; fileEncoding = 4; lastKnownFileType = sourcecode.swift; path = AddressSearchCell.swift; sourceTree = "<group>"; };
		E02B709A1EBB656000379C76 /* AddressPoint.storyboard */ = {isa = PBXFileReference; fileEncoding = 4; lastKnownFileType = file.storyboard; path = AddressPoint.storyboard; sourceTree = "<group>"; };
		E058C0B51EB8BC0E00E981EB /* CustomizableView.swift */ = {isa = PBXFileReference; fileEncoding = 4; lastKnownFileType = sourcecode.swift; path = CustomizableView.swift; sourceTree = "<group>"; };
		E058C0B81EB8BD8C00E981EB /* VremenaGrotesk.otf */ = {isa = PBXFileReference; lastKnownFileType = file; path = VremenaGrotesk.otf; sourceTree = "<group>"; };
		E058C0B91EB8BD8C00E981EB /* VremenaGroteskBold.otf */ = {isa = PBXFileReference; lastKnownFileType = file; path = VremenaGroteskBold.otf; sourceTree = "<group>"; };
		E058C0BA1EB8BD8C00E981EB /* VremenaGroteskBook.otf */ = {isa = PBXFileReference; lastKnownFileType = file; path = VremenaGroteskBook.otf; sourceTree = "<group>"; };
		E058C0BB1EB8BD8C00E981EB /* VremenaGroteskMedium.otf */ = {isa = PBXFileReference; lastKnownFileType = file; path = VremenaGroteskMedium.otf; sourceTree = "<group>"; };
		E058C0BD1EB8BF1300E981EB /* UIColor+Helpers.swift */ = {isa = PBXFileReference; fileEncoding = 4; lastKnownFileType = sourcecode.swift; path = "UIColor+Helpers.swift"; sourceTree = "<group>"; };
		E058C0C31EB8C52400E981EB /* CustomizableLabel.swift */ = {isa = PBXFileReference; fileEncoding = 4; lastKnownFileType = sourcecode.swift; path = CustomizableLabel.swift; sourceTree = "<group>"; };
		E058C0C51EB8C53D00E981EB /* CustomizableButton.swift */ = {isa = PBXFileReference; fileEncoding = 4; lastKnownFileType = sourcecode.swift; path = CustomizableButton.swift; sourceTree = "<group>"; };
		E058C0C81EB8C57300E981EB /* GDC+Helpers.swift */ = {isa = PBXFileReference; fileEncoding = 4; lastKnownFileType = sourcecode.swift; path = "GDC+Helpers.swift"; sourceTree = "<group>"; };
		E0AF813F1EC7B761009FA7D1 /* Double+Helpers.swift */ = {isa = PBXFileReference; fileEncoding = 4; lastKnownFileType = sourcecode.swift; path = "Double+Helpers.swift"; sourceTree = "<group>"; };
		E0C4F6651E8C06D3005C63C4 /* RootApiService.swift */ = {isa = PBXFileReference; fileEncoding = 4; lastKnownFileType = sourcecode.swift; path = RootApiService.swift; sourceTree = "<group>"; };
		E0E142DA1E954C1D001C45BE /* StartScreenViewController.swift */ = {isa = PBXFileReference; fileEncoding = 4; lastKnownFileType = sourcecode.swift; path = StartScreenViewController.swift; sourceTree = "<group>"; };
		E0E142DC1E954C41001C45BE /* StartScreenPresenter.swift */ = {isa = PBXFileReference; fileEncoding = 4; lastKnownFileType = sourcecode.swift; path = StartScreenPresenter.swift; sourceTree = "<group>"; };
		E0E142DE1E954C56001C45BE /* StartScreenConfigurator.swift */ = {isa = PBXFileReference; fileEncoding = 4; lastKnownFileType = sourcecode.swift; path = StartScreenConfigurator.swift; sourceTree = "<group>"; };
		E0E142E01E954C73001C45BE /* StartScreenProtocols.swift */ = {isa = PBXFileReference; fileEncoding = 4; lastKnownFileType = sourcecode.swift; path = StartScreenProtocols.swift; sourceTree = "<group>"; };
		E0E142E21E954CAD001C45BE /* StartScreenConstants.swift */ = {isa = PBXFileReference; fileEncoding = 4; lastKnownFileType = sourcecode.swift; path = StartScreenConstants.swift; sourceTree = "<group>"; };
		E0E6898F1EC5095600AF2765 /* Feature.swift */ = {isa = PBXFileReference; fileEncoding = 4; lastKnownFileType = sourcecode.swift; path = Feature.swift; sourceTree = "<group>"; };
		E0E689911EC50A2F00AF2765 /* CustomAnnotation.swift */ = {isa = PBXFileReference; fileEncoding = 4; lastKnownFileType = sourcecode.swift; path = CustomAnnotation.swift; sourceTree = "<group>"; };
		E0FDE0851EC0598900E09D7F /* AddressSearchViewController+UITableView.swift */ = {isa = PBXFileReference; fileEncoding = 4; lastKnownFileType = sourcecode.swift; path = "AddressSearchViewController+UITableView.swift"; sourceTree = "<group>"; };
/* End PBXFileReference section */

/* Begin PBXFrameworksBuildPhase section */
		306D41571DCD2C1100043F86 /* Frameworks */ = {
			isa = PBXFrameworksBuildPhase;
			buildActionMask = 2147483647;
			files = (
				3075B64D1DD066630096DFE7 /* MapKit.framework in Frameworks */,
				30FD55751DCDE70100000A97 /* Pods_walkstreets_ios.framework in Frameworks */,
				D9B39AC1217ED510C5C4A351 /* Pods_walkstreets_ios.framework in Frameworks */,
			);
			runOnlyForDeploymentPostprocessing = 0;
		};
		30E530871DFC935000B717CA /* Frameworks */ = {
			isa = PBXFrameworksBuildPhase;
			buildActionMask = 2147483647;
			files = (
			);
			runOnlyForDeploymentPostprocessing = 0;
		};
/* End PBXFrameworksBuildPhase section */

/* Begin PBXGroup section */
		0764E9B32E5DC264F689289A /* Protocols */ = {
			isa = PBXGroup;
			children = (
				061EEE0F9E70D196A9F10334 /* AboutProtocols.swift */,
			);
			path = Protocols;
			sourceTree = "<group>";
		};
		181F00B62EC35F905F09E7D1 /* Interactor */ = {
			isa = PBXGroup;
			children = (
				43C3915E3E5329A2A4F3A443 /* AddressPointInteractor.swift */,
			);
			path = Interactor;
			sourceTree = "<group>";
		};
		222D46650C9ED6E6110B1B9E /* Protocols */ = {
			isa = PBXGroup;
			children = (
				C54AE4BEA1CCA121327F5967 /* AddressSearchProtocols.swift */,
			);
			path = Protocols;
			sourceTree = "<group>";
		};
		306D41511DCD2C1100043F86 = {
			isa = PBXGroup;
			children = (
				62BC6B10E19030F57E87FC7A /* Src */,
				306D41701DCD2C4E00043F86 /* App */,
				306D416F1DCD2C2300043F86 /* SupportingFiles */,
				30E5308B1DFC935000B717CA /* walkstreets-iosTests */,
				306D415B1DCD2C1100043F86 /* Products */,
				30FD55731DCDE70100000A97 /* Frameworks */,
				66C6D368CC4617EB6AD89363 /* Pods */,
			);
			sourceTree = "<group>";
		};
		306D415B1DCD2C1100043F86 /* Products */ = {
			isa = PBXGroup;
			children = (
				306D415A1DCD2C1100043F86 /* walkstreets-ios.app */,
				30E5308A1DFC935000B717CA /* walkstreets-iosTests.xctest */,
			);
			name = Products;
			sourceTree = "<group>";
		};
		306D416F1DCD2C2300043F86 /* SupportingFiles */ = {
			isa = PBXGroup;
			children = (
				E058C0B71EB8BD6D00E981EB /* Fonts */,
				306D41641DCD2C1100043F86 /* Assets.xcassets */,
				306D41661DCD2C1100043F86 /* LaunchScreen.storyboard */,
				306D41691DCD2C1100043F86 /* Info.plist */,
			);
			name = SupportingFiles;
			path = "walkstreets-ios";
			sourceTree = "<group>";
		};
		306D41701DCD2C4E00043F86 /* App */ = {
			isa = PBXGroup;
			children = (
				306D415D1DCD2C1100043F86 /* AppDelegate.swift */,
				306D41711DCD2C6300043F86 /* Config.swift */,
			);
			name = App;
			path = "walkstreets-ios";
			sourceTree = "<group>";
		};
		3075B6541DD069810096DFE7 /* Model */ = {
			isa = PBXGroup;
			children = (
				3075B6551DD069B30096DFE7 /* Route.swift */,
				E0E6898F1EC5095600AF2765 /* Feature.swift */,
			);
			path = Model;
			sourceTree = "<group>";
		};
		30808981E1EBFB4FA284FE4C /* Presenter */ = {
			isa = PBXGroup;
			children = (
				37A52F8D1C9334185D70B5A0 /* AddressSearchPresenter.swift */,
			);
			path = Presenter;
			sourceTree = "<group>";
		};
		30E5308B1DFC935000B717CA /* walkstreets-iosTests */ = {
			isa = PBXGroup;
			children = (
				30E530961DFC938200B717CA /* walkstreets_iosTests.swift */,
				30E530941DFC937800B717CA /* Info.plist */,
			);
			path = "walkstreets-iosTests";
			sourceTree = "<group>";
		};
		30FD55731DCDE70100000A97 /* Frameworks */ = {
			isa = PBXGroup;
			children = (
				3075B64C1DD066630096DFE7 /* MapKit.framework */,
				30FD55741DCDE70100000A97 /* Pods_walkstreets_ios.framework */,
				CF62A8B0EC862CC8156F93C3 /* Pods_walkstreets_ios.framework */,
			);
			name = Frameworks;
			sourceTree = "<group>";
		};
		30FD557C1DCE0CA100000A97 /* Service */ = {
			isa = PBXGroup;
			children = (
				30FD557D1DCE0CE300000A97 /* RouteService.swift */,
			);
			path = Service;
			sourceTree = "<group>";
		};
		30FD557F1DCE0D3200000A97 /* Shared */ = {
			isa = PBXGroup;
			children = (
				E0AF813E1EC7B741009FA7D1 /* Double+Helpers */,
				E058C0C71EB8C55500E981EB /* GDC+Helpers */,
				E058C0BC1EB8BEF600E981EB /* UIColor+Helpers */,
				E058C0B41EB8BBAA00E981EB /* Views */,
				E0C4F6641E8C06A4005C63C4 /* RootApiService */,
				30FD55801DCE0D5900000A97 /* LocationManager.swift */,
				E0E689911EC50A2F00AF2765 /* CustomAnnotation.swift */,
			);
			path = Shared;
			sourceTree = "<group>";
		};
		38BD42CB4DE72C4E09CEBF79 /* Protocols */ = {
			isa = PBXGroup;
			children = (
				E0E142E01E954C73001C45BE /* StartScreenProtocols.swift */,
			);
			path = Protocols;
			sourceTree = "<group>";
		};
		39A78A390016BEAA423850BF /* View */ = {
			isa = PBXGroup;
			children = (
				55ED4AA49E3F290998D8FFF1 /* AddressSearchViewController.swift */,
				E0FDE0851EC0598900E09D7F /* AddressSearchViewController+UITableView.swift */,
			);
			path = View;
			sourceTree = "<group>";
		};
		4C48668F374B6EF1CD9DD512 /* Subsystems */ = {
			isa = PBXGroup;
			children = (
				F71AFCEF88D307A4CE597BC0 /* RouteCreationModule */,
				856095D59408619462511290 /* StartScreen */,
				AC08AA12B957383CF8E68AE0 /* About */,
				6B2CD48A3A0F49F845635187 /* AddressSearch */,
				B545B93FD05502EB079F3EFC /* AddressPoint */,
			);
			path = Subsystems;
			sourceTree = "<group>";
		};
		57EEB4B49CF4D79C0E2957A3 /* Configurator */ = {
			isa = PBXGroup;
			children = (
				E0E142DE1E954C56001C45BE /* StartScreenConfigurator.swift */,
				E0E142E21E954CAD001C45BE /* StartScreenConstants.swift */,
			);
			path = Configurator;
			sourceTree = "<group>";
		};
		62BC6B10E19030F57E87FC7A /* Src */ = {
			isa = PBXGroup;
			children = (
				30FD557F1DCE0D3200000A97 /* Shared */,
				4C48668F374B6EF1CD9DD512 /* Subsystems */,
				3075B6541DD069810096DFE7 /* Model */,
			);
			path = Src;
			sourceTree = "<group>";
		};
		66C6D368CC4617EB6AD89363 /* Pods */ = {
			isa = PBXGroup;
			children = (
				D42975D3FFAEEA4E4FFD169D /* Pods-walkstreets-ios.debug.xcconfig */,
				106FD96F22ECB96D84A20203 /* Pods-walkstreets-ios.release.xcconfig */,
			);
			name = Pods;
			sourceTree = "<group>";
		};
		688AE908979FDA04E6CA69B9 /* Router */ = {
			isa = PBXGroup;
			children = (
				042DA9A0C5667FCEE70CEB00 /* RouteCreationModuleRouter.swift */,
			);
			path = Router;
			sourceTree = "<group>";
		};
		6A5EF5F698EA96AC99D2D4B0 /* Router */ = {
			isa = PBXGroup;
			children = (
				48795177FF9C29210DCF1098 /* AddressSearchRouter.swift */,
			);
			path = Router;
			sourceTree = "<group>";
		};
		6B2CD48A3A0F49F845635187 /* AddressSearch */ = {
			isa = PBXGroup;
			children = (
				E02B70931EBB5CB700379C76 /* AddressSearch.storyboard */,
				E02B70971EBB5F8500379C76 /* Cell */,
				39A78A390016BEAA423850BF /* View */,
				30808981E1EBFB4FA284FE4C /* Presenter */,
				F71F59D054CA17599907B2E1 /* Interactor */,
				6A5EF5F698EA96AC99D2D4B0 /* Router */,
				B73E94EB8BEDEB0D04D66023 /* Configurator */,
				222D46650C9ED6E6110B1B9E /* Protocols */,
			);
			path = AddressSearch;
			sourceTree = "<group>";
		};
		8088C2FFB00E3B73B3906D8A /* Router */ = {
			isa = PBXGroup;
			children = (
				DEFA5594D1CE4F888B8AF8C8 /* AddressPointRouter.swift */,
			);
			path = Router;
			sourceTree = "<group>";
		};
		856095D59408619462511290 /* StartScreen */ = {
			isa = PBXGroup;
			children = (
				E022832D1E95279D00B7AB3D /* StartScreen.storyboard */,
				C15DCE86234321B3715812CD /* View */,
				E203BAA7A8D302530385DB6C /* Presenter */,
				57EEB4B49CF4D79C0E2957A3 /* Configurator */,
				38BD42CB4DE72C4E09CEBF79 /* Protocols */,
			);
			path = StartScreen;
			sourceTree = "<group>";
		};
		88ED381B7FD15F457790ADB5 /* View */ = {
			isa = PBXGroup;
			children = (
				79CFCAB5B63E57F7BECA4911 /* AboutViewController.swift */,
			);
			path = View;
			sourceTree = "<group>";
		};
		90CF1449DF88D28122B471B9 /* View */ = {
			isa = PBXGroup;
			children = (
				1ECF8AA8FAB81349AFEB4BC6 /* AddressPointViewController.swift */,
			);
			path = View;
			sourceTree = "<group>";
		};
		946B3E32480AFE329CC2BC23 /* View */ = {
			isa = PBXGroup;
			children = (
				339CA3988FB4B348C7125903 /* RouteCreationModuleViewController.swift */,
				30FD55761DCDECF300000A97 /* RouteCreationModuleViewController+Maps.swift */,
				30FD557A1DCDF61100000A97 /* RouteCreationModuleViewController+Animations.swift */,
			);
			path = View;
			sourceTree = "<group>";
		};
		992820C3CADDB94FBF856CD0 /* Protocols */ = {
			isa = PBXGroup;
			children = (
				5D4369802EDEBDD3214268AA /* RouteCreationModuleProtocols.swift */,
			);
			path = Protocols;
			sourceTree = "<group>";
		};
		A2230D3F183281CFC2897642 /* Presenter */ = {
			isa = PBXGroup;
			children = (
				D9872266730A6439ED8F37EB /* AddressPointPresenter.swift */,
			);
			path = Presenter;
			sourceTree = "<group>";
		};
		A2C8FFC7AAD52F178CA26250 /* Protocols */ = {
			isa = PBXGroup;
			children = (
				6FC315C2E75BF88764510E78 /* AddressPointProtocols.swift */,
			);
			path = Protocols;
			sourceTree = "<group>";
		};
		AC08AA12B957383CF8E68AE0 /* About */ = {
			isa = PBXGroup;
			children = (
				E02B708F1EBB2B7600379C76 /* About.storyboard */,
				88ED381B7FD15F457790ADB5 /* View */,
				B5686E66532B46DDD637BE03 /* Presenter */,
				EAA03A7E069979C9C2D32CC2 /* Configurator */,
				0764E9B32E5DC264F689289A /* Protocols */,
			);
			path = About;
			sourceTree = "<group>";
		};
		AEFB022D3E41B05E91923A6A /* Configurator */ = {
			isa = PBXGroup;
			children = (
				8D650CF947229325031A05ED /* AddressPointConfigurator.swift */,
			);
			path = Configurator;
			sourceTree = "<group>";
		};
		B545B93FD05502EB079F3EFC /* AddressPoint */ = {
			isa = PBXGroup;
			children = (
				E02B709A1EBB656000379C76 /* AddressPoint.storyboard */,
				90CF1449DF88D28122B471B9 /* View */,
				A2230D3F183281CFC2897642 /* Presenter */,
				181F00B62EC35F905F09E7D1 /* Interactor */,
				8088C2FFB00E3B73B3906D8A /* Router */,
				AEFB022D3E41B05E91923A6A /* Configurator */,
				A2C8FFC7AAD52F178CA26250 /* Protocols */,
			);
			path = AddressPoint;
			sourceTree = "<group>";
		};
		B5686E66532B46DDD637BE03 /* Presenter */ = {
			isa = PBXGroup;
			children = (
				283844FEC4424901696A8FA4 /* AboutPresenter.swift */,
			);
			path = Presenter;
			sourceTree = "<group>";
		};
		B73E94EB8BEDEB0D04D66023 /* Configurator */ = {
			isa = PBXGroup;
			children = (
				2EB35B9503B06A0A18391D68 /* AddressSearchConfigurator.swift */,
			);
			path = Configurator;
			sourceTree = "<group>";
		};
		BE2EDA0CD0A902F53A3CFD27 /* Interactor */ = {
			isa = PBXGroup;
			children = (
				7D393807BF77BA3F32F88643 /* RouteCreationModuleInteractor.swift */,
			);
			path = Interactor;
			sourceTree = "<group>";
		};
		C15DCE86234321B3715812CD /* View */ = {
			isa = PBXGroup;
			children = (
				E0E142DA1E954C1D001C45BE /* StartScreenViewController.swift */,
			);
			path = View;
			sourceTree = "<group>";
		};
		C556BB4EC1E40605CF0B0DA1 /* Configurator */ = {
			isa = PBXGroup;
			children = (
				0552DDB458787869F10328D2 /* RouteCreationModuleConfigurator.swift */,
				30FD55781DCDED6C00000A97 /* RouteCreationModuleConstants.swift */,
			);
			path = Configurator;
			sourceTree = "<group>";
		};
		E02B70971EBB5F8500379C76 /* Cell */ = {
			isa = PBXGroup;
			children = (
				E02B70981EBB5FA600379C76 /* AddressSearchCell.swift */,
			);
			path = Cell;
			sourceTree = "<group>";
		};
		E058C0B41EB8BBAA00E981EB /* Views */ = {
			isa = PBXGroup;
			children = (
				E058C0B51EB8BC0E00E981EB /* CustomizableView.swift */,
				E058C0C31EB8C52400E981EB /* CustomizableLabel.swift */,
				E058C0C51EB8C53D00E981EB /* CustomizableButton.swift */,
				E02B70911EBB2DEA00379C76 /* CustomizableTextView.swift */,
				E02B70951EBB5F6B00379C76 /* CustomizableTextField.swift */,
			);
			path = Views;
			sourceTree = "<group>";
		};
		E058C0B71EB8BD6D00E981EB /* Fonts */ = {
			isa = PBXGroup;
			children = (
				E058C0B81EB8BD8C00E981EB /* VremenaGrotesk.otf */,
				E058C0B91EB8BD8C00E981EB /* VremenaGroteskBold.otf */,
				E058C0BA1EB8BD8C00E981EB /* VremenaGroteskBook.otf */,
				E058C0BB1EB8BD8C00E981EB /* VremenaGroteskMedium.otf */,
			);
			path = Fonts;
			sourceTree = "<group>";
		};
		E058C0BC1EB8BEF600E981EB /* UIColor+Helpers */ = {
			isa = PBXGroup;
			children = (
				E058C0BD1EB8BF1300E981EB /* UIColor+Helpers.swift */,
			);
			path = "UIColor+Helpers";
			sourceTree = "<group>";
		};
		E058C0C71EB8C55500E981EB /* GDC+Helpers */ = {
			isa = PBXGroup;
			children = (
				E058C0C81EB8C57300E981EB /* GDC+Helpers.swift */,
			);
			path = "GDC+Helpers";
			sourceTree = "<group>";
		};
		E0AF813E1EC7B741009FA7D1 /* Double+Helpers */ = {
			isa = PBXGroup;
			children = (
				E0AF813F1EC7B761009FA7D1 /* Double+Helpers.swift */,
			);
			path = "Double+Helpers";
			sourceTree = "<group>";
		};
		E0C4F6641E8C06A4005C63C4 /* RootApiService */ = {
			isa = PBXGroup;
			children = (
				E0C4F6651E8C06D3005C63C4 /* RootApiService.swift */,
			);
			path = RootApiService;
			sourceTree = "<group>";
		};
		E203BAA7A8D302530385DB6C /* Presenter */ = {
			isa = PBXGroup;
			children = (
				E0E142DC1E954C41001C45BE /* StartScreenPresenter.swift */,
			);
			path = Presenter;
			sourceTree = "<group>";
		};
		EAA03A7E069979C9C2D32CC2 /* Configurator */ = {
			isa = PBXGroup;
			children = (
				807A07B55A947D3B4C36EF54 /* AboutConfigurator.swift */,
			);
			path = Configurator;
			sourceTree = "<group>";
		};
		F71AFCEF88D307A4CE597BC0 /* RouteCreationModule */ = {
			isa = PBXGroup;
			children = (
				30C8136D1DCD36EC00924001 /* RouteCreationModule.storyboard */,
				946B3E32480AFE329CC2BC23 /* View */,
				FB3D3192FDBAA3D7BA7BB2DE /* Presenter */,
				BE2EDA0CD0A902F53A3CFD27 /* Interactor */,
				688AE908979FDA04E6CA69B9 /* Router */,
				C556BB4EC1E40605CF0B0DA1 /* Configurator */,
				992820C3CADDB94FBF856CD0 /* Protocols */,
				30FD557C1DCE0CA100000A97 /* Service */,
			);
			path = RouteCreationModule;
			sourceTree = "<group>";
		};
		F71F59D054CA17599907B2E1 /* Interactor */ = {
			isa = PBXGroup;
			children = (
				30978BA783FA2AFCFC2DBD08 /* AddressSearchInteractor.swift */,
			);
			path = Interactor;
			sourceTree = "<group>";
		};
		FB3D3192FDBAA3D7BA7BB2DE /* Presenter */ = {
			isa = PBXGroup;
			children = (
				342EF44F078F8AB2C7963D16 /* RouteCreationModulePresenter.swift */,
			);
			path = Presenter;
			sourceTree = "<group>";
		};
/* End PBXGroup section */

/* Begin PBXNativeTarget section */
		306D41591DCD2C1100043F86 /* walkstreets-ios */ = {
			isa = PBXNativeTarget;
			buildConfigurationList = 306D416C1DCD2C1100043F86 /* Build configuration list for PBXNativeTarget "walkstreets-ios" */;
			buildPhases = (
				F30B061FEE420E443A8AA221 /* [CP] Check Pods Manifest.lock */,
				306D41561DCD2C1100043F86 /* Sources */,
				306D41571DCD2C1100043F86 /* Frameworks */,
				306D41581DCD2C1100043F86 /* Resources */,
				F7DA3E5805C8EF754CEEF118 /* [CP] Embed Pods Frameworks */,
				A2A5BA6B8A5E83834859D8D9 /* [CP] Copy Pods Resources */,
				E058C0CA1EB8D00800E981EB /* ShellScript */,
			);
			buildRules = (
			);
			dependencies = (
			);
			name = "walkstreets-ios";
			productName = "walkstreets-ios";
			productReference = 306D415A1DCD2C1100043F86 /* walkstreets-ios.app */;
			productType = "com.apple.product-type.application";
		};
		30E530891DFC935000B717CA /* walkstreets-iosTests */ = {
			isa = PBXNativeTarget;
			buildConfigurationList = 30E530931DFC935000B717CA /* Build configuration list for PBXNativeTarget "walkstreets-iosTests" */;
			buildPhases = (
				30E530861DFC935000B717CA /* Sources */,
				30E530871DFC935000B717CA /* Frameworks */,
				30E530881DFC935000B717CA /* Resources */,
			);
			buildRules = (
			);
			dependencies = (
				30E530901DFC935000B717CA /* PBXTargetDependency */,
			);
			name = "walkstreets-iosTests";
			productName = "walkstreets-iosTests";
			productReference = 30E5308A1DFC935000B717CA /* walkstreets-iosTests.xctest */;
			productType = "com.apple.product-type.bundle.unit-test";
		};
/* End PBXNativeTarget section */

/* Begin PBXProject section */
		306D41521DCD2C1100043F86 /* Project object */ = {
			isa = PBXProject;
			attributes = {
				LastSwiftUpdateCheck = 0810;
				LastUpgradeCheck = 0830;
				ORGANIZATIONNAME = "Roman Ustiantcev";
				TargetAttributes = {
					306D41591DCD2C1100043F86 = {
						CreatedOnToolsVersion = 8.1;
						DevelopmentTeam = H3KT5D548J;
						ProvisioningStyle = Automatic;
						SystemCapabilities = {
							com.apple.BackgroundModes = {
								enabled = 1;
							};
						};
					};
					30E530891DFC935000B717CA = {
						CreatedOnToolsVersion = 8.1;
						DevelopmentTeam = NVMU6WZ9AZ;
						ProvisioningStyle = Automatic;
						TestTargetID = 306D41591DCD2C1100043F86;
					};
				};
			};
			buildConfigurationList = 306D41551DCD2C1100043F86 /* Build configuration list for PBXProject "walkstreets-ios" */;
			compatibilityVersion = "Xcode 3.2";
			developmentRegion = English;
			hasScannedForEncodings = 0;
			knownRegions = (
				en,
				Base,
			);
			mainGroup = 306D41511DCD2C1100043F86;
			productRefGroup = 306D415B1DCD2C1100043F86 /* Products */;
			projectDirPath = "";
			projectRoot = "";
			targets = (
				306D41591DCD2C1100043F86 /* walkstreets-ios */,
				30E530891DFC935000B717CA /* walkstreets-iosTests */,
			);
		};
/* End PBXProject section */

/* Begin PBXResourcesBuildPhase section */
		306D41581DCD2C1100043F86 /* Resources */ = {
			isa = PBXResourcesBuildPhase;
			buildActionMask = 2147483647;
			files = (
				E058C0BF1EB8C47200E981EB /* VremenaGrotesk.otf in Resources */,
				E02B70941EBB5CB700379C76 /* AddressSearch.storyboard in Resources */,
				E058C0C01EB8C47500E981EB /* VremenaGroteskBold.otf in Resources */,
				306D41681DCD2C1100043F86 /* LaunchScreen.storyboard in Resources */,
				306D41651DCD2C1100043F86 /* Assets.xcassets in Resources */,
				E058C0C11EB8C47900E981EB /* VremenaGroteskBook.otf in Resources */,
				E02B709B1EBB656000379C76 /* AddressPoint.storyboard in Resources */,
				E02B70901EBB2B7600379C76 /* About.storyboard in Resources */,
				E058C0C21EB8C47C00E981EB /* VremenaGroteskMedium.otf in Resources */,
				30C8136E1DCD36EC00924001 /* RouteCreationModule.storyboard in Resources */,
				E022832E1E95279D00B7AB3D /* StartScreen.storyboard in Resources */,
			);
			runOnlyForDeploymentPostprocessing = 0;
		};
		30E530881DFC935000B717CA /* Resources */ = {
			isa = PBXResourcesBuildPhase;
			buildActionMask = 2147483647;
			files = (
			);
			runOnlyForDeploymentPostprocessing = 0;
		};
/* End PBXResourcesBuildPhase section */

/* Begin PBXShellScriptBuildPhase section */
		A2A5BA6B8A5E83834859D8D9 /* [CP] Copy Pods Resources */ = {
			isa = PBXShellScriptBuildPhase;
			buildActionMask = 2147483647;
			files = (
			);
			inputPaths = (
			);
			name = "[CP] Copy Pods Resources";
			outputPaths = (
			);
			runOnlyForDeploymentPostprocessing = 0;
			shellPath = /bin/sh;
			shellScript = "\"${SRCROOT}/Pods/Target Support Files/Pods-walkstreets-ios/Pods-walkstreets-ios-resources.sh\"\n";
			showEnvVarsInLog = 0;
		};
		E058C0CA1EB8D00800E981EB /* ShellScript */ = {
			isa = PBXShellScriptBuildPhase;
			buildActionMask = 2147483647;
			files = (
			);
			inputPaths = (
			);
			outputPaths = (
			);
			runOnlyForDeploymentPostprocessing = 0;
			shellPath = /bin/sh;
			shellScript = "\"${PODS_ROOT}/Fabric/run\" 18d051be1a4381947d54cf113e55232abc9f408d f4358cb03f3278dab616637610e5e358b6511708771edc684ec9bfef155f9020";
		};
		F30B061FEE420E443A8AA221 /* [CP] Check Pods Manifest.lock */ = {
			isa = PBXShellScriptBuildPhase;
			buildActionMask = 2147483647;
			files = (
			);
			inputPaths = (
			);
			name = "[CP] Check Pods Manifest.lock";
			outputPaths = (
			);
			runOnlyForDeploymentPostprocessing = 0;
			shellPath = /bin/sh;
			shellScript = "diff \"${PODS_PODFILE_DIR_PATH}/Podfile.lock\" \"${PODS_ROOT}/Manifest.lock\" > /dev/null\nif [ $? != 0 ] ; then\n    # print error to STDERR\n    echo \"error: The sandbox is not in sync with the Podfile.lock. Run 'pod install' or update your CocoaPods installation.\" >&2\n    exit 1\nfi\n";
			showEnvVarsInLog = 0;
		};
		F7DA3E5805C8EF754CEEF118 /* [CP] Embed Pods Frameworks */ = {
			isa = PBXShellScriptBuildPhase;
			buildActionMask = 2147483647;
			files = (
			);
			inputPaths = (
			);
			name = "[CP] Embed Pods Frameworks";
			outputPaths = (
			);
			runOnlyForDeploymentPostprocessing = 0;
			shellPath = /bin/sh;
			shellScript = "\"${SRCROOT}/Pods/Target Support Files/Pods-walkstreets-ios/Pods-walkstreets-ios-frameworks.sh\"\n";
			showEnvVarsInLog = 0;
		};
/* End PBXShellScriptBuildPhase section */

/* Begin PBXSourcesBuildPhase section */
		306D41561DCD2C1100043F86 /* Sources */ = {
			isa = PBXSourcesBuildPhase;
			buildActionMask = 2147483647;
			files = (
				E0E142DF1E954C56001C45BE /* StartScreenConfigurator.swift in Sources */,
				E0E142DB1E954C1D001C45BE /* StartScreenViewController.swift in Sources */,
				306D415E1DCD2C1100043F86 /* AppDelegate.swift in Sources */,
				E0E142E31E954CAD001C45BE /* StartScreenConstants.swift in Sources */,
				E058C0C41EB8C52400E981EB /* CustomizableLabel.swift in Sources */,
				306D41721DCD2C6300043F86 /* Config.swift in Sources */,
				E02B70961EBB5F6B00379C76 /* CustomizableTextField.swift in Sources */,
				E058C0BE1EB8BF1300E981EB /* UIColor+Helpers.swift in Sources */,
				E0AF81401EC7B761009FA7D1 /* Double+Helpers.swift in Sources */,
				30FD55791DCDED6C00000A97 /* RouteCreationModuleConstants.swift in Sources */,
				E0E142DD1E954C41001C45BE /* StartScreenPresenter.swift in Sources */,
				F099800B9560E696761BDEAF /* RouteCreationModuleViewController.swift in Sources */,
				30FD557B1DCDF61100000A97 /* RouteCreationModuleViewController+Animations.swift in Sources */,
				30FD557E1DCE0CE300000A97 /* RouteService.swift in Sources */,
				92273E32351DBC69D965A042 /* RouteCreationModulePresenter.swift in Sources */,
				E02B70991EBB5FA600379C76 /* AddressSearchCell.swift in Sources */,
				E058C0C61EB8C53D00E981EB /* CustomizableButton.swift in Sources */,
				63D199A9F886A3DC99D1B57F /* RouteCreationModuleInteractor.swift in Sources */,
				E0E142E11E954C73001C45BE /* StartScreenProtocols.swift in Sources */,
				E02B70921EBB2DEA00379C76 /* CustomizableTextView.swift in Sources */,
				B71F4BD740BCB81C4D076E61 /* RouteCreationModuleRouter.swift in Sources */,
				E058C0B61EB8BC0E00E981EB /* CustomizableView.swift in Sources */,
				E058C0C91EB8C57300E981EB /* GDC+Helpers.swift in Sources */,
				30FD55771DCDECF300000A97 /* RouteCreationModuleViewController+Maps.swift in Sources */,
				72A2124729EC1AAC27070C3C /* RouteCreationModuleConfigurator.swift in Sources */,
				B747C8FC21D87E01D5973FE5 /* RouteCreationModuleProtocols.swift in Sources */,
				3075B6561DD069B30096DFE7 /* Route.swift in Sources */,
				E0E689921EC50A2F00AF2765 /* CustomAnnotation.swift in Sources */,
				E0C4F6661E8C06D3005C63C4 /* RootApiService.swift in Sources */,
				30FD55811DCE0D5900000A97 /* LocationManager.swift in Sources */,
				6A1FA1A1997B190C2CA98A19 /* AboutViewController.swift in Sources */,
				960E20EFE390E5F4DCFCFA2F /* AboutPresenter.swift in Sources */,
				8B9EF1F0C1123394DC3BD340 /* AboutConfigurator.swift in Sources */,
				5307848F0056AEC1DD01A210 /* AboutProtocols.swift in Sources */,
				79F47F130202C72F05897F9D /* AddressSearchViewController.swift in Sources */,
				16318C2A56C2D27F1A5A66AD /* AddressSearchPresenter.swift in Sources */,
				E0E689901EC5095600AF2765 /* Feature.swift in Sources */,
				0831A58BF9B0F4CEF0A32550 /* AddressSearchInteractor.swift in Sources */,
				179C28D7EE35EAF4EFF76A2B /* AddressSearchRouter.swift in Sources */,
				D3EAF393C21361678ABD0218 /* AddressSearchConfigurator.swift in Sources */,
				25D6E5956C3B6181E637B548 /* AddressSearchProtocols.swift in Sources */,
				A00F3A654E088FDEC92458F1 /* AddressPointViewController.swift in Sources */,
				19BCB4F82ACD4BBC9B7A4125 /* AddressPointPresenter.swift in Sources */,
				E0FDE0861EC0598900E09D7F /* AddressSearchViewController+UITableView.swift in Sources */,
				276F19702527E9378A8A2E65 /* AddressPointInteractor.swift in Sources */,
				C225BC6A1B91D9763A4CFA99 /* AddressPointRouter.swift in Sources */,
				B43E9393F4861E965D635E0A /* AddressPointConfigurator.swift in Sources */,
				D404E4669FBB44F91AC14072 /* AddressPointProtocols.swift in Sources */,
			);
			runOnlyForDeploymentPostprocessing = 0;
		};
		30E530861DFC935000B717CA /* Sources */ = {
			isa = PBXSourcesBuildPhase;
			buildActionMask = 2147483647;
			files = (
				30E530971DFC938200B717CA /* walkstreets_iosTests.swift in Sources */,
			);
			runOnlyForDeploymentPostprocessing = 0;
		};
/* End PBXSourcesBuildPhase section */

/* Begin PBXTargetDependency section */
		30E530901DFC935000B717CA /* PBXTargetDependency */ = {
			isa = PBXTargetDependency;
			target = 306D41591DCD2C1100043F86 /* walkstreets-ios */;
			targetProxy = 30E5308F1DFC935000B717CA /* PBXContainerItemProxy */;
		};
/* End PBXTargetDependency section */

/* Begin PBXVariantGroup section */
		306D41661DCD2C1100043F86 /* LaunchScreen.storyboard */ = {
			isa = PBXVariantGroup;
			children = (
				306D41671DCD2C1100043F86 /* Base */,
			);
			name = LaunchScreen.storyboard;
			sourceTree = "<group>";
		};
/* End PBXVariantGroup section */

/* Begin XCBuildConfiguration section */
		306D416A1DCD2C1100043F86 /* Debug */ = {
			isa = XCBuildConfiguration;
			buildSettings = {
				ALWAYS_SEARCH_USER_PATHS = NO;
				CLANG_ANALYZER_NONNULL = YES;
				CLANG_CXX_LANGUAGE_STANDARD = "gnu++0x";
				CLANG_CXX_LIBRARY = "libc++";
				CLANG_ENABLE_MODULES = YES;
				CLANG_ENABLE_OBJC_ARC = YES;
				CLANG_WARN_BOOL_CONVERSION = YES;
				CLANG_WARN_CONSTANT_CONVERSION = YES;
				CLANG_WARN_DIRECT_OBJC_ISA_USAGE = YES_ERROR;
				CLANG_WARN_DOCUMENTATION_COMMENTS = YES;
				CLANG_WARN_EMPTY_BODY = YES;
				CLANG_WARN_ENUM_CONVERSION = YES;
				CLANG_WARN_INFINITE_RECURSION = YES;
				CLANG_WARN_INT_CONVERSION = YES;
				CLANG_WARN_OBJC_ROOT_CLASS = YES_ERROR;
				CLANG_WARN_SUSPICIOUS_MOVE = YES;
				CLANG_WARN_SUSPICIOUS_MOVES = YES;
				CLANG_WARN_UNREACHABLE_CODE = YES;
				CLANG_WARN__DUPLICATE_METHOD_MATCH = YES;
				"CODE_SIGN_IDENTITY[sdk=iphoneos*]" = "iPhone Developer";
				COPY_PHASE_STRIP = NO;
				DEBUG_INFORMATION_FORMAT = dwarf;
				ENABLE_STRICT_OBJC_MSGSEND = YES;
				ENABLE_TESTABILITY = YES;
				GCC_C_LANGUAGE_STANDARD = gnu99;
				GCC_DYNAMIC_NO_PIC = NO;
				GCC_NO_COMMON_BLOCKS = YES;
				GCC_OPTIMIZATION_LEVEL = 0;
				GCC_PREPROCESSOR_DEFINITIONS = (
					"DEBUG=1",
					"$(inherited)",
				);
				GCC_WARN_64_TO_32_BIT_CONVERSION = YES;
				GCC_WARN_ABOUT_RETURN_TYPE = YES_ERROR;
				GCC_WARN_UNDECLARED_SELECTOR = YES;
				GCC_WARN_UNINITIALIZED_AUTOS = YES_AGGRESSIVE;
				GCC_WARN_UNUSED_FUNCTION = YES;
				GCC_WARN_UNUSED_VARIABLE = YES;
				IPHONEOS_DEPLOYMENT_TARGET = 9.0;
				MTL_ENABLE_DEBUG_INFO = YES;
				ONLY_ACTIVE_ARCH = YES;
				SDKROOT = iphoneos;
				SWIFT_ACTIVE_COMPILATION_CONDITIONS = DEBUG;
				SWIFT_OPTIMIZATION_LEVEL = "-Onone";
				SWIFT_VERSION = 3.0;
			};
			name = Debug;
		};
		306D416B1DCD2C1100043F86 /* Release */ = {
			isa = XCBuildConfiguration;
			buildSettings = {
				ALWAYS_SEARCH_USER_PATHS = NO;
				CLANG_ANALYZER_NONNULL = YES;
				CLANG_CXX_LANGUAGE_STANDARD = "gnu++0x";
				CLANG_CXX_LIBRARY = "libc++";
				CLANG_ENABLE_MODULES = YES;
				CLANG_ENABLE_OBJC_ARC = YES;
				CLANG_WARN_BOOL_CONVERSION = YES;
				CLANG_WARN_CONSTANT_CONVERSION = YES;
				CLANG_WARN_DIRECT_OBJC_ISA_USAGE = YES_ERROR;
				CLANG_WARN_DOCUMENTATION_COMMENTS = YES;
				CLANG_WARN_EMPTY_BODY = YES;
				CLANG_WARN_ENUM_CONVERSION = YES;
				CLANG_WARN_INFINITE_RECURSION = YES;
				CLANG_WARN_INT_CONVERSION = YES;
				CLANG_WARN_OBJC_ROOT_CLASS = YES_ERROR;
				CLANG_WARN_SUSPICIOUS_MOVE = YES;
				CLANG_WARN_SUSPICIOUS_MOVES = YES;
				CLANG_WARN_UNREACHABLE_CODE = YES;
				CLANG_WARN__DUPLICATE_METHOD_MATCH = YES;
				"CODE_SIGN_IDENTITY[sdk=iphoneos*]" = "iPhone Developer";
				COPY_PHASE_STRIP = NO;
				DEBUG_INFORMATION_FORMAT = "dwarf-with-dsym";
				ENABLE_NS_ASSERTIONS = NO;
				ENABLE_STRICT_OBJC_MSGSEND = YES;
				GCC_C_LANGUAGE_STANDARD = gnu99;
				GCC_NO_COMMON_BLOCKS = YES;
				GCC_WARN_64_TO_32_BIT_CONVERSION = YES;
				GCC_WARN_ABOUT_RETURN_TYPE = YES_ERROR;
				GCC_WARN_UNDECLARED_SELECTOR = YES;
				GCC_WARN_UNINITIALIZED_AUTOS = YES_AGGRESSIVE;
				GCC_WARN_UNUSED_FUNCTION = YES;
				GCC_WARN_UNUSED_VARIABLE = YES;
				IPHONEOS_DEPLOYMENT_TARGET = 9.0;
				MTL_ENABLE_DEBUG_INFO = NO;
				SDKROOT = iphoneos;
				SWIFT_OPTIMIZATION_LEVEL = "-Owholemodule";
				SWIFT_VERSION = 3.0;
				VALIDATE_PRODUCT = YES;
			};
			name = Release;
		};
		306D416D1DCD2C1100043F86 /* Debug */ = {
			isa = XCBuildConfiguration;
			baseConfigurationReference = D42975D3FFAEEA4E4FFD169D /* Pods-walkstreets-ios.debug.xcconfig */;
			buildSettings = {
				ASSETCATALOG_COMPILER_APPICON_NAME = AppIcon;
				DEVELOPMENT_TEAM = H3KT5D548J;
				FRAMEWORK_SEARCH_PATHS = (
					"$(inherited)",
					"$(PROJECT_DIR)/build/Debug-iphoneos",
				);
				INFOPLIST_FILE = "walkstreets-ios/Info.plist";
				IPHONEOS_DEPLOYMENT_TARGET = 9.0;
				LD_RUNPATH_SEARCH_PATHS = "$(inherited) @executable_path/Frameworks";
				PRODUCT_BUNDLE_IDENTIFIER = "com.ra-portfolio.walkstreets-ios";
				PRODUCT_NAME = "$(TARGET_NAME)";
				SWIFT_VERSION = 3.0;
			};
			name = Debug;
		};
		306D416E1DCD2C1100043F86 /* Release */ = {
			isa = XCBuildConfiguration;
			baseConfigurationReference = 106FD96F22ECB96D84A20203 /* Pods-walkstreets-ios.release.xcconfig */;
			buildSettings = {
				ASSETCATALOG_COMPILER_APPICON_NAME = AppIcon;
				DEVELOPMENT_TEAM = H3KT5D548J;
				FRAMEWORK_SEARCH_PATHS = (
					"$(inherited)",
					"$(PROJECT_DIR)/build/Debug-iphoneos",
				);
				INFOPLIST_FILE = "walkstreets-ios/Info.plist";
				IPHONEOS_DEPLOYMENT_TARGET = 9.0;
				LD_RUNPATH_SEARCH_PATHS = "$(inherited) @executable_path/Frameworks";
				PRODUCT_BUNDLE_IDENTIFIER = "com.ra-portfolio.walkstreets-ios";
				PRODUCT_NAME = "$(TARGET_NAME)";
				SWIFT_VERSION = 3.0;
			};
			name = Release;
		};
		30E530911DFC935000B717CA /* Debug */ = {
			isa = XCBuildConfiguration;
			buildSettings = {
				BUNDLE_LOADER = "$(TEST_HOST)";
				DEVELOPMENT_TEAM = NVMU6WZ9AZ;
				INFOPLIST_FILE = "walkstreets-iosTests/Info.plist";
				LD_RUNPATH_SEARCH_PATHS = "$(inherited) @executable_path/Frameworks @loader_path/Frameworks";
				PRODUCT_BUNDLE_IDENTIFIER = "com.ra-portfolio.walkstreets-iosTests";
				PRODUCT_NAME = "$(TARGET_NAME)";
				SWIFT_VERSION = 3.0;
				TEST_HOST = "$(BUILT_PRODUCTS_DIR)/walkstreets-ios.app/walkstreets-ios";
			};
			name = Debug;
		};
		30E530921DFC935000B717CA /* Release */ = {
			isa = XCBuildConfiguration;
			buildSettings = {
				BUNDLE_LOADER = "$(TEST_HOST)";
				DEVELOPMENT_TEAM = NVMU6WZ9AZ;
				INFOPLIST_FILE = "walkstreets-iosTests/Info.plist";
				LD_RUNPATH_SEARCH_PATHS = "$(inherited) @executable_path/Frameworks @loader_path/Frameworks";
				PRODUCT_BUNDLE_IDENTIFIER = "com.ra-portfolio.walkstreets-iosTests";
				PRODUCT_NAME = "$(TARGET_NAME)";
				SWIFT_VERSION = 3.0;
				TEST_HOST = "$(BUILT_PRODUCTS_DIR)/walkstreets-ios.app/walkstreets-ios";
			};
			name = Release;
		};
/* End XCBuildConfiguration section */

/* Begin XCConfigurationList section */
		306D41551DCD2C1100043F86 /* Build configuration list for PBXProject "walkstreets-ios" */ = {
			isa = XCConfigurationList;
			buildConfigurations = (
				306D416A1DCD2C1100043F86 /* Debug */,
				306D416B1DCD2C1100043F86 /* Release */,
			);
			defaultConfigurationIsVisible = 0;
			defaultConfigurationName = Release;
		};
		306D416C1DCD2C1100043F86 /* Build configuration list for PBXNativeTarget "walkstreets-ios" */ = {
			isa = XCConfigurationList;
			buildConfigurations = (
				306D416D1DCD2C1100043F86 /* Debug */,
				306D416E1DCD2C1100043F86 /* Release */,
			);
			defaultConfigurationIsVisible = 0;
			defaultConfigurationName = Release;
		};
		30E530931DFC935000B717CA /* Build configuration list for PBXNativeTarget "walkstreets-iosTests" */ = {
			isa = XCConfigurationList;
			buildConfigurations = (
				30E530911DFC935000B717CA /* Debug */,
				30E530921DFC935000B717CA /* Release */,
			);
			defaultConfigurationIsVisible = 0;
			defaultConfigurationName = Release;
		};
/* End XCConfigurationList section */
	};
	rootObject = 306D41521DCD2C1100043F86 /* Project object */;
}
