// !$*UTF8*$!
{
	archiveVersion = 1;
	classes = {
	};
	objectVersion = 46;
	objects = {

/* Begin PBXBuildFile section */
		306D415E1DCD2C1100043F86 /* AppDelegate.swift in Sources */ = {isa = PBXBuildFile; fileRef = 306D415D1DCD2C1100043F86 /* AppDelegate.swift */; };
		306D41651DCD2C1100043F86 /* Assets.xcassets in Resources */ = {isa = PBXBuildFile; fileRef = 306D41641DCD2C1100043F86 /* Assets.xcassets */; };
		306D41681DCD2C1100043F86 /* LaunchScreen.storyboard in Resources */ = {isa = PBXBuildFile; fileRef = 306D41661DCD2C1100043F86 /* LaunchScreen.storyboard */; };
		306D41721DCD2C6300043F86 /* Config.swift in Sources */ = {isa = PBXBuildFile; fileRef = 306D41711DCD2C6300043F86 /* Config.swift */; };
		30C8136E1DCD36EC00924001 /* RouteCreationModule.storyboard in Resources */ = {isa = PBXBuildFile; fileRef = 30C8136D1DCD36EC00924001 /* RouteCreationModule.storyboard */; };
		30FD55751DCDE70100000A97 /* Pods_walkstreets_ios.framework in Frameworks */ = {isa = PBXBuildFile; fileRef = 30FD55741DCDE70100000A97 /* Pods_walkstreets_ios.framework */; };
		63D199A9F886A3DC99D1B57F /* RouteCreationModuleInteractor.swift in Sources */ = {isa = PBXBuildFile; fileRef = 7D393807BF77BA3F32F88643 /* RouteCreationModuleInteractor.swift */; };
		72A2124729EC1AAC27070C3C /* RouteCreationModuleConfigurator.swift in Sources */ = {isa = PBXBuildFile; fileRef = 0552DDB458787869F10328D2 /* RouteCreationModuleConfigurator.swift */; };
		92273E32351DBC69D965A042 /* RouteCreationModulePresenter.swift in Sources */ = {isa = PBXBuildFile; fileRef = 342EF44F078F8AB2C7963D16 /* RouteCreationModulePresenter.swift */; };
		B71F4BD740BCB81C4D076E61 /* RouteCreationModuleRouter.swift in Sources */ = {isa = PBXBuildFile; fileRef = 042DA9A0C5667FCEE70CEB00 /* RouteCreationModuleRouter.swift */; };
		B747C8FC21D87E01D5973FE5 /* RouteCreationModuleProtocols.swift in Sources */ = {isa = PBXBuildFile; fileRef = 5D4369802EDEBDD3214268AA /* RouteCreationModuleProtocols.swift */; };
		D9B39AC1217ED510C5C4A351 /* Pods_walkstreets_ios.framework in Frameworks */ = {isa = PBXBuildFile; fileRef = CF62A8B0EC862CC8156F93C3 /* Pods_walkstreets_ios.framework */; };
		F099800B9560E696761BDEAF /* RouteCreationModuleViewController.swift in Sources */ = {isa = PBXBuildFile; fileRef = 339CA3988FB4B348C7125903 /* RouteCreationModuleViewController.swift */; };
/* End PBXBuildFile section */

/* Begin PBXFileReference section */
		042DA9A0C5667FCEE70CEB00 /* RouteCreationModuleRouter.swift */ = {isa = PBXFileReference; includeInIndex = 1; lastKnownFileType = sourcecode.swift; path = RouteCreationModuleRouter.swift; sourceTree = "<group>"; };
		0552DDB458787869F10328D2 /* RouteCreationModuleConfigurator.swift */ = {isa = PBXFileReference; includeInIndex = 1; lastKnownFileType = sourcecode.swift; path = RouteCreationModuleConfigurator.swift; sourceTree = "<group>"; };
		106FD96F22ECB96D84A20203 /* Pods-walkstreets-ios.release.xcconfig */ = {isa = PBXFileReference; includeInIndex = 1; lastKnownFileType = text.xcconfig; name = "Pods-walkstreets-ios.release.xcconfig"; path = "Pods/Target Support Files/Pods-walkstreets-ios/Pods-walkstreets-ios.release.xcconfig"; sourceTree = "<group>"; };
		306D415A1DCD2C1100043F86 /* walkstreets-ios.app */ = {isa = PBXFileReference; explicitFileType = wrapper.application; includeInIndex = 0; path = "walkstreets-ios.app"; sourceTree = BUILT_PRODUCTS_DIR; };
		306D415D1DCD2C1100043F86 /* AppDelegate.swift */ = {isa = PBXFileReference; lastKnownFileType = sourcecode.swift; path = AppDelegate.swift; sourceTree = "<group>"; };
		306D41641DCD2C1100043F86 /* Assets.xcassets */ = {isa = PBXFileReference; lastKnownFileType = folder.assetcatalog; path = Assets.xcassets; sourceTree = "<group>"; };
		306D41671DCD2C1100043F86 /* Base */ = {isa = PBXFileReference; lastKnownFileType = file.storyboard; name = Base; path = Base.lproj/LaunchScreen.storyboard; sourceTree = "<group>"; };
		306D41691DCD2C1100043F86 /* Info.plist */ = {isa = PBXFileReference; lastKnownFileType = text.plist.xml; path = Info.plist; sourceTree = "<group>"; };
		306D41711DCD2C6300043F86 /* Config.swift */ = {isa = PBXFileReference; fileEncoding = 4; lastKnownFileType = sourcecode.swift; path = Config.swift; sourceTree = "<group>"; };
		30C8136D1DCD36EC00924001 /* RouteCreationModule.storyboard */ = {isa = PBXFileReference; fileEncoding = 4; lastKnownFileType = file.storyboard; path = RouteCreationModule.storyboard; sourceTree = "<group>"; };
		30FD55741DCDE70100000A97 /* Pods_walkstreets_ios.framework */ = {isa = PBXFileReference; lastKnownFileType = wrapper.framework; name = Pods_walkstreets_ios.framework; path = "Pods/../build/Debug-iphoneos/Pods_walkstreets_ios.framework"; sourceTree = "<group>"; };
		339CA3988FB4B348C7125903 /* RouteCreationModuleViewController.swift */ = {isa = PBXFileReference; includeInIndex = 1; lastKnownFileType = sourcecode.swift; path = RouteCreationModuleViewController.swift; sourceTree = "<group>"; };
		342EF44F078F8AB2C7963D16 /* RouteCreationModulePresenter.swift */ = {isa = PBXFileReference; includeInIndex = 1; lastKnownFileType = sourcecode.swift; path = RouteCreationModulePresenter.swift; sourceTree = "<group>"; };
		5D4369802EDEBDD3214268AA /* RouteCreationModuleProtocols.swift */ = {isa = PBXFileReference; includeInIndex = 1; lastKnownFileType = sourcecode.swift; path = RouteCreationModuleProtocols.swift; sourceTree = "<group>"; };
		7D393807BF77BA3F32F88643 /* RouteCreationModuleInteractor.swift */ = {isa = PBXFileReference; includeInIndex = 1; lastKnownFileType = sourcecode.swift; path = RouteCreationModuleInteractor.swift; sourceTree = "<group>"; };
		CF62A8B0EC862CC8156F93C3 /* Pods_walkstreets_ios.framework */ = {isa = PBXFileReference; explicitFileType = wrapper.framework; includeInIndex = 0; path = Pods_walkstreets_ios.framework; sourceTree = BUILT_PRODUCTS_DIR; };
		D42975D3FFAEEA4E4FFD169D /* Pods-walkstreets-ios.debug.xcconfig */ = {isa = PBXFileReference; includeInIndex = 1; lastKnownFileType = text.xcconfig; name = "Pods-walkstreets-ios.debug.xcconfig"; path = "Pods/Target Support Files/Pods-walkstreets-ios/Pods-walkstreets-ios.debug.xcconfig"; sourceTree = "<group>"; };
/* End PBXFileReference section */

/* Begin PBXFrameworksBuildPhase section */
		306D41571DCD2C1100043F86 /* Frameworks */ = {
			isa = PBXFrameworksBuildPhase;
			buildActionMask = 2147483647;
			files = (
				30FD55751DCDE70100000A97 /* Pods_walkstreets_ios.framework in Frameworks */,
				D9B39AC1217ED510C5C4A351 /* Pods_walkstreets_ios.framework in Frameworks */,
			);
			runOnlyForDeploymentPostprocessing = 0;
		};
/* End PBXFrameworksBuildPhase section */

/* Begin PBXGroup section */
		306D41511DCD2C1100043F86 = {
			isa = PBXGroup;
			children = (
				306D415C1DCD2C1100043F86 /* walkstreets-ios */,
				306D415B1DCD2C1100043F86 /* Products */,
				30FD55731DCDE70100000A97 /* Frameworks */,
				66C6D368CC4617EB6AD89363 /* Pods */,
			);
			sourceTree = "<group>";
		};
		306D415B1DCD2C1100043F86 /* Products */ = {
			isa = PBXGroup;
			children = (
				306D415A1DCD2C1100043F86 /* walkstreets-ios.app */,
			);
			name = Products;
			sourceTree = "<group>";
		};
		306D415C1DCD2C1100043F86 /* walkstreets-ios */ = {
			isa = PBXGroup;
			children = (
				62BC6B10E19030F57E87FC7A /* Src */,
				306D41701DCD2C4E00043F86 /* App */,
				306D416F1DCD2C2300043F86 /* SupportingFiles */,
			);
			path = "walkstreets-ios";
			sourceTree = "<group>";
		};
		306D416F1DCD2C2300043F86 /* SupportingFiles */ = {
			isa = PBXGroup;
			children = (
				306D41641DCD2C1100043F86 /* Assets.xcassets */,
				306D41661DCD2C1100043F86 /* LaunchScreen.storyboard */,
				306D41691DCD2C1100043F86 /* Info.plist */,
			);
			name = SupportingFiles;
			sourceTree = "<group>";
		};
		306D41701DCD2C4E00043F86 /* App */ = {
			isa = PBXGroup;
			children = (
				306D415D1DCD2C1100043F86 /* AppDelegate.swift */,
				306D41711DCD2C6300043F86 /* Config.swift */,
			);
			name = App;
			sourceTree = "<group>";
		};
		30FD55731DCDE70100000A97 /* Frameworks */ = {
			isa = PBXGroup;
			children = (
				30FD55741DCDE70100000A97 /* Pods_walkstreets_ios.framework */,
				CF62A8B0EC862CC8156F93C3 /* Pods_walkstreets_ios.framework */,
			);
			name = Frameworks;
			sourceTree = "<group>";
		};
		4C48668F374B6EF1CD9DD512 /* Subsystems */ = {
			isa = PBXGroup;
			children = (
				F71AFCEF88D307A4CE597BC0 /* RouteCreationModule */,
			);
			path = Subsystems;
			sourceTree = "<group>";
		};
		62BC6B10E19030F57E87FC7A /* Src */ = {
			isa = PBXGroup;
			children = (
				4C48668F374B6EF1CD9DD512 /* Subsystems */,
			);
			name = Src;
			path = ../Src;
			sourceTree = "<group>";
		};
		66C6D368CC4617EB6AD89363 /* Pods */ = {
			isa = PBXGroup;
			children = (
				D42975D3FFAEEA4E4FFD169D /* Pods-walkstreets-ios.debug.xcconfig */,
				106FD96F22ECB96D84A20203 /* Pods-walkstreets-ios.release.xcconfig */,
			);
			name = Pods;
			sourceTree = "<group>";
		};
		688AE908979FDA04E6CA69B9 /* Router */ = {
			isa = PBXGroup;
			children = (
				042DA9A0C5667FCEE70CEB00 /* RouteCreationModuleRouter.swift */,
			);
			path = Router;
			sourceTree = "<group>";
		};
		946B3E32480AFE329CC2BC23 /* View */ = {
			isa = PBXGroup;
			children = (
				339CA3988FB4B348C7125903 /* RouteCreationModuleViewController.swift */,
			);
			path = View;
			sourceTree = "<group>";
		};
		992820C3CADDB94FBF856CD0 /* Protocols */ = {
			isa = PBXGroup;
			children = (
				5D4369802EDEBDD3214268AA /* RouteCreationModuleProtocols.swift */,
			);
			path = Protocols;
			sourceTree = "<group>";
		};
		BE2EDA0CD0A902F53A3CFD27 /* Interactor */ = {
			isa = PBXGroup;
			children = (
				7D393807BF77BA3F32F88643 /* RouteCreationModuleInteractor.swift */,
			);
			path = Interactor;
			sourceTree = "<group>";
		};
		C556BB4EC1E40605CF0B0DA1 /* Configurator */ = {
			isa = PBXGroup;
			children = (
				0552DDB458787869F10328D2 /* RouteCreationModuleConfigurator.swift */,
			);
			path = Configurator;
			sourceTree = "<group>";
		};
		F71AFCEF88D307A4CE597BC0 /* RouteCreationModule */ = {
			isa = PBXGroup;
			children = (
				30C8136D1DCD36EC00924001 /* RouteCreationModule.storyboard */,
				946B3E32480AFE329CC2BC23 /* View */,
				FB3D3192FDBAA3D7BA7BB2DE /* Presenter */,
				BE2EDA0CD0A902F53A3CFD27 /* Interactor */,
				688AE908979FDA04E6CA69B9 /* Router */,
				C556BB4EC1E40605CF0B0DA1 /* Configurator */,
				992820C3CADDB94FBF856CD0 /* Protocols */,
			);
			path = RouteCreationModule;
			sourceTree = "<group>";
		};
		FB3D3192FDBAA3D7BA7BB2DE /* Presenter */ = {
			isa = PBXGroup;
			children = (
				342EF44F078F8AB2C7963D16 /* RouteCreationModulePresenter.swift */,
			);
			path = Presenter;
			sourceTree = "<group>";
		};
/* End PBXGroup section */

/* Begin PBXNativeTarget section */
		306D41591DCD2C1100043F86 /* walkstreets-ios */ = {
			isa = PBXNativeTarget;
			buildConfigurationList = 306D416C1DCD2C1100043F86 /* Build configuration list for PBXNativeTarget "walkstreets-ios" */;
			buildPhases = (
				F30B061FEE420E443A8AA221 /* [CP] Check Pods Manifest.lock */,
				306D41561DCD2C1100043F86 /* Sources */,
				306D41571DCD2C1100043F86 /* Frameworks */,
				306D41581DCD2C1100043F86 /* Resources */,
				F7DA3E5805C8EF754CEEF118 /* [CP] Embed Pods Frameworks */,
				A2A5BA6B8A5E83834859D8D9 /* [CP] Copy Pods Resources */,
			);
			buildRules = (
			);
			dependencies = (
			);
			name = "walkstreets-ios";
			productName = "walkstreets-ios";
			productReference = 306D415A1DCD2C1100043F86 /* walkstreets-ios.app */;
			productType = "com.apple.product-type.application";
		};
/* End PBXNativeTarget section */

/* Begin PBXProject section */
		306D41521DCD2C1100043F86 /* Project object */ = {
			isa = PBXProject;
			attributes = {
				LastSwiftUpdateCheck = 0810;
				LastUpgradeCheck = 0810;
				ORGANIZATIONNAME = "Roman Ustiantcev";
				TargetAttributes = {
					306D41591DCD2C1100043F86 = {
						CreatedOnToolsVersion = 8.1;
						DevelopmentTeam = NVMU6WZ9AZ;
						ProvisioningStyle = Automatic;
					};
				};
			};
			buildConfigurationList = 306D41551DCD2C1100043F86 /* Build configuration list for PBXProject "walkstreets-ios" */;
			compatibilityVersion = "Xcode 3.2";
			developmentRegion = English;
			hasScannedForEncodings = 0;
			knownRegions = (
				en,
				Base,
			);
			mainGroup = 306D41511DCD2C1100043F86;
			productRefGroup = 306D415B1DCD2C1100043F86 /* Products */;
			projectDirPath = "";
			projectRoot = "";
			targets = (
				306D41591DCD2C1100043F86 /* walkstreets-ios */,
			);
		};
/* End PBXProject section */

/* Begin PBXResourcesBuildPhase section */
		306D41581DCD2C1100043F86 /* Resources */ = {
			isa = PBXResourcesBuildPhase;
			buildActionMask = 2147483647;
			files = (
				306D41681DCD2C1100043F86 /* LaunchScreen.storyboard in Resources */,
				306D41651DCD2C1100043F86 /* Assets.xcassets in Resources */,
				30C8136E1DCD36EC00924001 /* RouteCreationModule.storyboard in Resources */,
			);
			runOnlyForDeploymentPostprocessing = 0;
		};
/* End PBXResourcesBuildPhase section */

/* Begin PBXShellScriptBuildPhase section */
		A2A5BA6B8A5E83834859D8D9 /* [CP] Copy Pods Resources */ = {
			isa = PBXShellScriptBuildPhase;
			buildActionMask = 2147483647;
			files = (
			);
			inputPaths = (
			);
			name = "[CP] Copy Pods Resources";
			outputPaths = (
			);
			runOnlyForDeploymentPostprocessing = 0;
			shellPath = /bin/sh;
			shellScript = "\"${SRCROOT}/Pods/Target Support Files/Pods-walkstreets-ios/Pods-walkstreets-ios-resources.sh\"\n";
			showEnvVarsInLog = 0;
		};
		F30B061FEE420E443A8AA221 /* [CP] Check Pods Manifest.lock */ = {
			isa = PBXShellScriptBuildPhase;
			buildActionMask = 2147483647;
			files = (
			);
			inputPaths = (
			);
			name = "[CP] Check Pods Manifest.lock";
			outputPaths = (
			);
			runOnlyForDeploymentPostprocessing = 0;
			shellPath = /bin/sh;
			shellScript = "diff \"${PODS_ROOT}/../Podfile.lock\" \"${PODS_ROOT}/Manifest.lock\" > /dev/null\nif [ $? != 0 ] ; then\n    # print error to STDERR\n    echo \"error: The sandbox is not in sync with the Podfile.lock. Run 'pod install' or update your CocoaPods installation.\" >&2\n    exit 1\nfi\n";
			showEnvVarsInLog = 0;
		};
		F7DA3E5805C8EF754CEEF118 /* [CP] Embed Pods Frameworks */ = {
			isa = PBXShellScriptBuildPhase;
			buildActionMask = 2147483647;
			files = (
			);
			inputPaths = (
			);
			name = "[CP] Embed Pods Frameworks";
			outputPaths = (
			);
			runOnlyForDeploymentPostprocessing = 0;
			shellPath = /bin/sh;
			shellScript = "\"${SRCROOT}/Pods/Target Support Files/Pods-walkstreets-ios/Pods-walkstreets-ios-frameworks.sh\"\n";
			showEnvVarsInLog = 0;
		};
/* End PBXShellScriptBuildPhase section */

/* Begin PBXSourcesBuildPhase section */
		306D41561DCD2C1100043F86 /* Sources */ = {
			isa = PBXSourcesBuildPhase;
			buildActionMask = 2147483647;
			files = (
				306D415E1DCD2C1100043F86 /* AppDelegate.swift in Sources */,
				306D41721DCD2C6300043F86 /* Config.swift in Sources */,
				F099800B9560E696761BDEAF /* RouteCreationModuleViewController.swift in Sources */,
				92273E32351DBC69D965A042 /* RouteCreationModulePresenter.swift in Sources */,
				63D199A9F886A3DC99D1B57F /* RouteCreationModuleInteractor.swift in Sources */,
				B71F4BD740BCB81C4D076E61 /* RouteCreationModuleRouter.swift in Sources */,
				72A2124729EC1AAC27070C3C /* RouteCreationModuleConfigurator.swift in Sources */,
				B747C8FC21D87E01D5973FE5 /* RouteCreationModuleProtocols.swift in Sources */,
			);
			runOnlyForDeploymentPostprocessing = 0;
		};
/* End PBXSourcesBuildPhase section */

/* Begin PBXVariantGroup section */
		306D41661DCD2C1100043F86 /* LaunchScreen.storyboard */ = {
			isa = PBXVariantGroup;
			children = (
				306D41671DCD2C1100043F86 /* Base */,
			);
			name = LaunchScreen.storyboard;
			sourceTree = "<group>";
		};
/* End PBXVariantGroup section */

/* Begin XCBuildConfiguration section */
		306D416A1DCD2C1100043F86 /* Debug */ = {
			isa = XCBuildConfiguration;
			buildSettings = {
				ALWAYS_SEARCH_USER_PATHS = NO;
				CLANG_ANALYZER_NONNULL = YES;
				CLANG_CXX_LANGUAGE_STANDARD = "gnu++0x";
				CLANG_CXX_LIBRARY = "libc++";
				CLANG_ENABLE_MODULES = YES;
				CLANG_ENABLE_OBJC_ARC = YES;
				CLANG_WARN_BOOL_CONVERSION = YES;
				CLANG_WARN_CONSTANT_CONVERSION = YES;
				CLANG_WARN_DIRECT_OBJC_ISA_USAGE = YES_ERROR;
				CLANG_WARN_DOCUMENTATION_COMMENTS = YES;
				CLANG_WARN_EMPTY_BODY = YES;
				CLANG_WARN_ENUM_CONVERSION = YES;
				CLANG_WARN_INFINITE_RECURSION = YES;
				CLANG_WARN_INT_CONVERSION = YES;
				CLANG_WARN_OBJC_ROOT_CLASS = YES_ERROR;
				CLANG_WARN_SUSPICIOUS_MOVES = YES;
				CLANG_WARN_UNREACHABLE_CODE = YES;
				CLANG_WARN__DUPLICATE_METHOD_MATCH = YES;
				"CODE_SIGN_IDENTITY[sdk=iphoneos*]" = "iPhone Developer";
				COPY_PHASE_STRIP = NO;
				DEBUG_INFORMATION_FORMAT = dwarf;
				ENABLE_STRICT_OBJC_MSGSEND = YES;
				ENABLE_TESTABILITY = YES;
				GCC_C_LANGUAGE_STANDARD = gnu99;
				GCC_DYNAMIC_NO_PIC = NO;
				GCC_NO_COMMON_BLOCKS = YES;
				GCC_OPTIMIZATION_LEVEL = 0;
				GCC_PREPROCESSOR_DEFINITIONS = (
					"DEBUG=1",
					"$(inherited)",
				);
				GCC_WARN_64_TO_32_BIT_CONVERSION = YES;
				GCC_WARN_ABOUT_RETURN_TYPE = YES_ERROR;
				GCC_WARN_UNDECLARED_SELECTOR = YES;
				GCC_WARN_UNINITIALIZED_AUTOS = YES_AGGRESSIVE;
				GCC_WARN_UNUSED_FUNCTION = YES;
				GCC_WARN_UNUSED_VARIABLE = YES;
				IPHONEOS_DEPLOYMENT_TARGET = 10.1;
				MTL_ENABLE_DEBUG_INFO = YES;
				ONLY_ACTIVE_ARCH = YES;
				SDKROOT = iphoneos;
				SWIFT_ACTIVE_COMPILATION_CONDITIONS = DEBUG;
				SWIFT_OPTIMIZATION_LEVEL = "-Onone";
			};
			name = Debug;
		};
		306D416B1DCD2C1100043F86 /* Release */ = {
			isa = XCBuildConfiguration;
			buildSettings = {
				ALWAYS_SEARCH_USER_PATHS = NO;
				CLANG_ANALYZER_NONNULL = YES;
				CLANG_CXX_LANGUAGE_STANDARD = "gnu++0x";
				CLANG_CXX_LIBRARY = "libc++";
				CLANG_ENABLE_MODULES = YES;
				CLANG_ENABLE_OBJC_ARC = YES;
				CLANG_WARN_BOOL_CONVERSION = YES;
				CLANG_WARN_CONSTANT_CONVERSION = YES;
				CLANG_WARN_DIRECT_OBJC_ISA_USAGE = YES_ERROR;
				CLANG_WARN_DOCUMENTATION_COMMENTS = YES;
				CLANG_WARN_EMPTY_BODY = YES;
				CLANG_WARN_ENUM_CONVERSION = YES;
				CLANG_WARN_INFINITE_RECURSION = YES;
				CLANG_WARN_INT_CONVERSION = YES;
				CLANG_WARN_OBJC_ROOT_CLASS = YES_ERROR;
				CLANG_WARN_SUSPICIOUS_MOVES = YES;
				CLANG_WARN_UNREACHABLE_CODE = YES;
				CLANG_WARN__DUPLICATE_METHOD_MATCH = YES;
				"CODE_SIGN_IDENTITY[sdk=iphoneos*]" = "iPhone Developer";
				COPY_PHASE_STRIP = NO;
				DEBUG_INFORMATION_FORMAT = "dwarf-with-dsym";
				ENABLE_NS_ASSERTIONS = NO;
				ENABLE_STRICT_OBJC_MSGSEND = YES;
				GCC_C_LANGUAGE_STANDARD = gnu99;
				GCC_NO_COMMON_BLOCKS = YES;
				GCC_WARN_64_TO_32_BIT_CONVERSION = YES;
				GCC_WARN_ABOUT_RETURN_TYPE = YES_ERROR;
				GCC_WARN_UNDECLARED_SELECTOR = YES;
				GCC_WARN_UNINITIALIZED_AUTOS = YES_AGGRESSIVE;
				GCC_WARN_UNUSED_FUNCTION = YES;
				GCC_WARN_UNUSED_VARIABLE = YES;
				IPHONEOS_DEPLOYMENT_TARGET = 10.1;
				MTL_ENABLE_DEBUG_INFO = NO;
				SDKROOT = iphoneos;
				SWIFT_OPTIMIZATION_LEVEL = "-Owholemodule";
				VALIDATE_PRODUCT = YES;
			};
			name = Release;
		};
		306D416D1DCD2C1100043F86 /* Debug */ = {
			isa = XCBuildConfiguration;
			baseConfigurationReference = D42975D3FFAEEA4E4FFD169D /* Pods-walkstreets-ios.debug.xcconfig */;
			buildSettings = {
				ASSETCATALOG_COMPILER_APPICON_NAME = AppIcon;
				DEVELOPMENT_TEAM = NVMU6WZ9AZ;
				FRAMEWORK_SEARCH_PATHS = (
					"$(inherited)",
					"$(PROJECT_DIR)/build/Debug-iphoneos",
				);
				INFOPLIST_FILE = "walkstreets-ios/Info.plist";
				IPHONEOS_DEPLOYMENT_TARGET = 9.0;
				LD_RUNPATH_SEARCH_PATHS = "$(inherited) @executable_path/Frameworks";
				PRODUCT_BUNDLE_IDENTIFIER = "com.ra-portfolio.walkstreets-ios";
				PRODUCT_NAME = "$(TARGET_NAME)";
				SWIFT_VERSION = 3.0.1;
			};
			name = Debug;
		};
		306D416E1DCD2C1100043F86 /* Release */ = {
			isa = XCBuildConfiguration;
			baseConfigurationReference = 106FD96F22ECB96D84A20203 /* Pods-walkstreets-ios.release.xcconfig */;
			buildSettings = {
				ASSETCATALOG_COMPILER_APPICON_NAME = AppIcon;
				DEVELOPMENT_TEAM = NVMU6WZ9AZ;
				FRAMEWORK_SEARCH_PATHS = (
					"$(inherited)",
					"$(PROJECT_DIR)/build/Debug-iphoneos",
				);
				INFOPLIST_FILE = "walkstreets-ios/Info.plist";
				IPHONEOS_DEPLOYMENT_TARGET = 9.0;
				LD_RUNPATH_SEARCH_PATHS = "$(inherited) @executable_path/Frameworks";
				PRODUCT_BUNDLE_IDENTIFIER = "com.ra-portfolio.walkstreets-ios";
				PRODUCT_NAME = "$(TARGET_NAME)";
				SWIFT_VERSION = 3.0.1;
			};
			name = Release;
		};
/* End XCBuildConfiguration section */

/* Begin XCConfigurationList section */
		306D41551DCD2C1100043F86 /* Build configuration list for PBXProject "walkstreets-ios" */ = {
			isa = XCConfigurationList;
			buildConfigurations = (
				306D416A1DCD2C1100043F86 /* Debug */,
				306D416B1DCD2C1100043F86 /* Release */,
			);
			defaultConfigurationIsVisible = 0;
			defaultConfigurationName = Release;
		};
		306D416C1DCD2C1100043F86 /* Build configuration list for PBXNativeTarget "walkstreets-ios" */ = {
			isa = XCConfigurationList;
			buildConfigurations = (
				306D416D1DCD2C1100043F86 /* Debug */,
				306D416E1DCD2C1100043F86 /* Release */,
			);
			defaultConfigurationIsVisible = 0;
			defaultConfigurationName = Release;
		};
/* End XCConfigurationList section */
	};
	rootObject = 306D41521DCD2C1100043F86 /* Project object */;
}
