PODS:
  - Alamofire (4.4.0)
  - Crashlytics (3.8.4):
    - Fabric (~> 1.6.3)
  - Fabric (1.6.11)
  - GoogleMaps (2.3.0):
    - GoogleMaps/Maps (= 2.3.0)
  - GoogleMaps/Base (2.3.0)
  - GoogleMaps/Maps (2.3.0):
    - GoogleMaps/Base
  - Mapbox-iOS-SDK (3.5.4)
  - PureLayout (3.0.2)
  - Spring (1.0.3)
  - SwiftyJSON (3.1.4)
  - Whisper (5.0.0)

DEPENDENCIES:
  - Alamofire
  - Crashlytics
  - Fabric
  - GoogleMaps
  - Mapbox-iOS-SDK
  - PureLayout
  - Spring (from `https://github.com/MengTo/Spring.git`, branch `swift3`)
  - SwiftyJSON
  - Whisper

EXTERNAL SOURCES:
  Spring:
    :branch: swift3
    :git: https://github.com/MengTo/Spring.git

CHECKOUT OPTIONS:
  Spring:
    :commit: 8201b5c93bd7ebdf4cd18160bcde1e6e88c2be64
    :git: https://github.com/MengTo/Spring.git

SPEC CHECKSUMS:
  Alamofire: dc44b1600b800eb63da6a19039a0083d62a6a62d
  Crashlytics: 79e236942ca1e7fc641df1feb9a275360a78ab6a
  Fabric: 5911403591946b8228ab1c51d98f1d7137e863c6
  GoogleMaps: 340a6a0bebd17c2db8abcd3921976c7c53c86cb8
  Mapbox-iOS-SDK: 81197829dcf4c4ed9a593b7a95462881b5f1309a
  PureLayout: 4d550abe49a94f24c2808b9b95db9131685fe4cd
  Spring: 3f02b5dc3308572ef177b3cad0fa7bbc4b0706f7
  SwiftyJSON: c2842d878f95482ffceec5709abc3d05680c0220
  Whisper: 051f25e704bf8992641ffd28b20d5682ddc5f5d3

PODFILE CHECKSUM: 4eedeb9b4cad379d9ef8b7ab76d4009810e5a303

COCOAPODS: 1.2.1
