PODS:
  - Alamofire (4.0.1)
  - GoogleMaps (2.1.0):
    - GoogleMaps/Maps (= 2.1.0)
  - GoogleMaps/Base (2.1.0)
  - GoogleMaps/Maps (2.1.0):
    - GoogleMaps/Base (= 2.1.0)
  - Mapbox-iOS-SDK (3.3.5)
  - Spring (1.0.3)
  - SwiftyJSON (3.1.1)

DEPENDENCIES:
  - Alamofire
  - GoogleMaps
  - Mapbox-iOS-SDK
  - Spring (from `https://github.com/MengTo/Spring.git`, branch `swift3`)
  - SwiftyJSON

EXTERNAL SOURCES:
  Spring:
    :branch: swift3
    :git: https://github.com/MengTo/Spring.git

CHECKOUT OPTIONS:
  Spring:
    :commit: 3a9227c6e9157e7b47f5ac1ee5abab2a56b50002
    :git: https://github.com/MengTo/Spring.git

SPEC CHECKSUMS:
  Alamofire: 7682d43245de14874acd142ec137b144aa1dd335
  GoogleMaps: 06589b9a38097bce0cd6e90f0fd9b5e4b4a9344c
  Mapbox-iOS-SDK: a3ceda9e2a38b11a18a3d09645d34826e0ea1757
  Spring: 3f02b5dc3308572ef177b3cad0fa7bbc4b0706f7
  SwiftyJSON: f0be2e604f83e8405a624e9f891898bf6ed4e019

PODFILE CHECKSUM: 98e63ac9e9e3b9ae103c4de42b99c883197a67e1

COCOAPODS: 1.1.0.rc.2
